// !$*UTF8*$!
{
	archiveVersion = 1;
	classes = {
	};
	objectVersion = 46;
	objects = {

/* Begin PBXBuildFile section */
		FE060C5E143CD7040026228C /* RKTabBarController.m in Sources */ = {isa = PBXBuildFile; fileRef = FE060C5B143CD7040026228C /* RKTabBarController.m */; };
		FE060C5F143CD7040026228C /* RKTabBarController.xib in Resources */ = {isa = PBXBuildFile; fileRef = FE060C5C143CD7040026228C /* RKTabBarController.xib */; };
		FE060C63143CD78A0026228C /* RkNavigationController.m in Sources */ = {isa = PBXBuildFile; fileRef = FE060C60143CD78A0026228C /* RkNavigationController.m */; };
		FE060C64143CD78A0026228C /* RKNavigationController.xib in Resources */ = {isa = PBXBuildFile; fileRef = FE060C61143CD78A0026228C /* RKNavigationController.xib */; };
		FE17D58B143B02110067E780 /* tab_wordtoday.png in Resources */ = {isa = PBXBuildFile; fileRef = FE17D589143B02110067E780 /* tab_wordtoday.png */; };
		FE17D58C143B02110067E780 /* tab_wordtoday@2x.png in Resources */ = {isa = PBXBuildFile; fileRef = FE17D58A143B02110067E780 /* tab_wordtoday@2x.png */; };
		FE21B00C143D75FA0033B3E8 /* WordBooksTableViewCell.m in Sources */ = {isa = PBXBuildFile; fileRef = FE21B00B143D75FA0033B3E8 /* WordBooksTableViewCell.m */; };
		FE2E834F143B289A004A2C56 /* profile_active.png in Resources */ = {isa = PBXBuildFile; fileRef = FE2E833F143B2899004A2C56 /* profile_active.png */; };
		FE2E8350143B289A004A2C56 /* profile_active@2x.png in Resources */ = {isa = PBXBuildFile; fileRef = FE2E8340143B2899004A2C56 /* profile_active@2x.png */; };
		FE2E8351143B289A004A2C56 /* profile.png in Resources */ = {isa = PBXBuildFile; fileRef = FE2E8341143B2899004A2C56 /* profile.png */; };
		FE2E8352143B289A004A2C56 /* profile@2x.png in Resources */ = {isa = PBXBuildFile; fileRef = FE2E8342143B2899004A2C56 /* profile@2x.png */; };
		FE2E8353143B289A004A2C56 /* search_active.png in Resources */ = {isa = PBXBuildFile; fileRef = FE2E8343143B2899004A2C56 /* search_active.png */; };
		FE2E8354143B289A004A2C56 /* search_active@2x.png in Resources */ = {isa = PBXBuildFile; fileRef = FE2E8344143B289A004A2C56 /* search_active@2x.png */; };
		FE2E8355143B289A004A2C56 /* search.png in Resources */ = {isa = PBXBuildFile; fileRef = FE2E8345143B289A004A2C56 /* search.png */; };
		FE2E8356143B289A004A2C56 /* search@2x.png in Resources */ = {isa = PBXBuildFile; fileRef = FE2E8346143B289A004A2C56 /* search@2x.png */; };
		FE2E8357143B289A004A2C56 /* settings_active.png in Resources */ = {isa = PBXBuildFile; fileRef = FE2E8347143B289A004A2C56 /* settings_active.png */; };
		FE2E8358143B289A004A2C56 /* settings_active@2x.png in Resources */ = {isa = PBXBuildFile; fileRef = FE2E8348143B289A004A2C56 /* settings_active@2x.png */; };
		FE2E8359143B289A004A2C56 /* settings.png in Resources */ = {isa = PBXBuildFile; fileRef = FE2E8349143B289A004A2C56 /* settings.png */; };
		FE2E835A143B289A004A2C56 /* settings@2x.png in Resources */ = {isa = PBXBuildFile; fileRef = FE2E834A143B289A004A2C56 /* settings@2x.png */; };
		FE2E835B143B289A004A2C56 /* wordlist_active.png in Resources */ = {isa = PBXBuildFile; fileRef = FE2E834B143B289A004A2C56 /* wordlist_active.png */; };
		FE2E835C143B289A004A2C56 /* wordlist_active@2x.png in Resources */ = {isa = PBXBuildFile; fileRef = FE2E834C143B289A004A2C56 /* wordlist_active@2x.png */; };
		FE2E835D143B289A004A2C56 /* wordlist.png in Resources */ = {isa = PBXBuildFile; fileRef = FE2E834D143B289A004A2C56 /* wordlist.png */; };
		FE2E835E143B289A004A2C56 /* wordlist@2x.png in Resources */ = {isa = PBXBuildFile; fileRef = FE2E834E143B289A004A2C56 /* wordlist@2x.png */; };
		FE2E8361143B2FAC004A2C56 /* WordViewController.m in Sources */ = {isa = PBXBuildFile; fileRef = FE2E8360143B2FAC004A2C56 /* WordViewController.m */; };
		FE523EB3143C6EEE00B2F4FF /* Word.m in Sources */ = {isa = PBXBuildFile; fileRef = FE523EB2143C6EEE00B2F4FF /* Word.m */; };
		FE6C8DB514385A2F00DC9784 /* UserDataManager.m in Sources */ = {isa = PBXBuildFile; fileRef = FE6C8DB414385A2F00DC9784 /* UserDataManager.m */; };
		FE6C8DB814385AAD00DC9784 /* TodayViewController.m in Sources */ = {isa = PBXBuildFile; fileRef = FE6C8DB714385AAD00DC9784 /* TodayViewController.m */; };
		FE6C8DBB14385AC400DC9784 /* BooksViewController.m in Sources */ = {isa = PBXBuildFile; fileRef = FE6C8DBA14385AC400DC9784 /* BooksViewController.m */; };
		FE6C8DBE14385ACE00DC9784 /* ListsViewController.m in Sources */ = {isa = PBXBuildFile; fileRef = FE6C8DBD14385ACE00DC9784 /* ListsViewController.m */; };
		FE772DBC143D9CC9004DDA0D /* UIDashBoard.xib in Resources */ = {isa = PBXBuildFile; fileRef = FE772DBB143D9CC9004DDA0D /* UIDashBoard.xib */; };
		FE7743A61439F9E900BCAA7E /* MainStoryboard.storyboard in Resources */ = {isa = PBXBuildFile; fileRef = FE7743A51439F9E900BCAA7E /* MainStoryboard.storyboard */; };
		FE873674143DDBFD002FDDE8 /* basicinfo_bg.png in Resources */ = {isa = PBXBuildFile; fileRef = FE873642143DDBFD002FDDE8 /* basicinfo_bg.png */; };
		FE873675143DDBFD002FDDE8 /* basicinfo_bg@2x.png in Resources */ = {isa = PBXBuildFile; fileRef = FE873643143DDBFD002FDDE8 /* basicinfo_bg@2x.png */; };
		FE873676143DDBFD002FDDE8 /* cet4.png in Resources */ = {isa = PBXBuildFile; fileRef = FE873644143DDBFD002FDDE8 /* cet4.png */; };
		FE873677143DDBFD002FDDE8 /* cet4@2x.png in Resources */ = {isa = PBXBuildFile; fileRef = FE873645143DDBFD002FDDE8 /* cet4@2x.png */; };
		FE873678143DDBFD002FDDE8 /* cet6.png in Resources */ = {isa = PBXBuildFile; fileRef = FE873646143DDBFD002FDDE8 /* cet6.png */; };
		FE873679143DDBFD002FDDE8 /* cet6@2x.png in Resources */ = {isa = PBXBuildFile; fileRef = FE873647143DDBFD002FDDE8 /* cet6@2x.png */; };
		FE87367A143DDBFD002FDDE8 /* chart_bg.png in Resources */ = {isa = PBXBuildFile; fileRef = FE873648143DDBFD002FDDE8 /* chart_bg.png */; };
		FE87367B143DDBFD002FDDE8 /* chart_bg@2x.png in Resources */ = {isa = PBXBuildFile; fileRef = FE873649143DDBFD002FDDE8 /* chart_bg@2x.png */; };
		FE87367C143DDBFD002FDDE8 /* chart_popover_bg.png in Resources */ = {isa = PBXBuildFile; fileRef = FE87364A143DDBFD002FDDE8 /* chart_popover_bg.png */; };
		FE87367D143DDBFD002FDDE8 /* chart_popover_bg@2x.png in Resources */ = {isa = PBXBuildFile; fileRef = FE87364B143DDBFD002FDDE8 /* chart_popover_bg@2x.png */; };
		FE87367E143DDBFD002FDDE8 /* gre.png in Resources */ = {isa = PBXBuildFile; fileRef = FE87364C143DDBFD002FDDE8 /* gre.png */; };
		FE87367F143DDBFD002FDDE8 /* gre@2x.png in Resources */ = {isa = PBXBuildFile; fileRef = FE87364D143DDBFD002FDDE8 /* gre@2x.png */; };
		FE873680143DDBFD002FDDE8 /* ielts.png in Resources */ = {isa = PBXBuildFile; fileRef = FE87364E143DDBFD002FDDE8 /* ielts.png */; };
		FE873681143DDBFD002FDDE8 /* ielts@2x.png in Resources */ = {isa = PBXBuildFile; fileRef = FE87364F143DDBFD002FDDE8 /* ielts@2x.png */; };
		FE873682143DDBFD002FDDE8 /* info_blue.png in Resources */ = {isa = PBXBuildFile; fileRef = FE873650143DDBFD002FDDE8 /* info_blue.png */; };
		FE873683143DDBFD002FDDE8 /* info_blue@2x.png in Resources */ = {isa = PBXBuildFile; fileRef = FE873651143DDBFD002FDDE8 /* info_blue@2x.png */; };
		FE873684143DDBFD002FDDE8 /* netm.png in Resources */ = {isa = PBXBuildFile; fileRef = FE873652143DDBFD002FDDE8 /* netm.png */; };
		FE873685143DDBFD002FDDE8 /* netm@2x.png in Resources */ = {isa = PBXBuildFile; fileRef = FE873653143DDBFD002FDDE8 /* netm@2x.png */; };
		FE873686143DDBFD002FDDE8 /* process_0.png in Resources */ = {isa = PBXBuildFile; fileRef = FE873654143DDBFD002FDDE8 /* process_0.png */; };
		FE873687143DDBFD002FDDE8 /* process_0@2x.png in Resources */ = {isa = PBXBuildFile; fileRef = FE873655143DDBFD002FDDE8 /* process_0@2x.png */; };
		FE873688143DDBFD002FDDE8 /* process_100.png in Resources */ = {isa = PBXBuildFile; fileRef = FE873656143DDBFD002FDDE8 /* process_100.png */; };
		FE873689143DDBFD002FDDE8 /* process_100@2x.png in Resources */ = {isa = PBXBuildFile; fileRef = FE873657143DDBFD002FDDE8 /* process_100@2x.png */; };
		FE87368A143DDBFD002FDDE8 /* process_17.png in Resources */ = {isa = PBXBuildFile; fileRef = FE873658143DDBFD002FDDE8 /* process_17.png */; };
		FE87368B143DDBFD002FDDE8 /* process_17@2x.png in Resources */ = {isa = PBXBuildFile; fileRef = FE873659143DDBFD002FDDE8 /* process_17@2x.png */; };
		FE87368C143DDBFD002FDDE8 /* process_25.png in Resources */ = {isa = PBXBuildFile; fileRef = FE87365A143DDBFD002FDDE8 /* process_25.png */; };
		FE87368D143DDBFD002FDDE8 /* process_25@2x.png in Resources */ = {isa = PBXBuildFile; fileRef = FE87365B143DDBFD002FDDE8 /* process_25@2x.png */; };
		FE87368E143DDBFD002FDDE8 /* process_34.png in Resources */ = {isa = PBXBuildFile; fileRef = FE87365C143DDBFD002FDDE8 /* process_34.png */; };
		FE87368F143DDBFD002FDDE8 /* process_34@2x.png in Resources */ = {isa = PBXBuildFile; fileRef = FE87365D143DDBFD002FDDE8 /* process_34@2x.png */; };
		FE873690143DDBFD002FDDE8 /* process_42.png in Resources */ = {isa = PBXBuildFile; fileRef = FE87365E143DDBFD002FDDE8 /* process_42.png */; };
		FE873691143DDBFD002FDDE8 /* process_42@2x.png in Resources */ = {isa = PBXBuildFile; fileRef = FE87365F143DDBFD002FDDE8 /* process_42@2x.png */; };
		FE873692143DDBFD002FDDE8 /* process_50.png in Resources */ = {isa = PBXBuildFile; fileRef = FE873660143DDBFD002FDDE8 /* process_50.png */; };
		FE873693143DDBFD002FDDE8 /* process_50@2x.png in Resources */ = {isa = PBXBuildFile; fileRef = FE873661143DDBFD002FDDE8 /* process_50@2x.png */; };
		FE873694143DDBFD002FDDE8 /* process_60.png in Resources */ = {isa = PBXBuildFile; fileRef = FE873662143DDBFD002FDDE8 /* process_60.png */; };
		FE873695143DDBFD002FDDE8 /* process_60@2x.png in Resources */ = {isa = PBXBuildFile; fileRef = FE873663143DDBFD002FDDE8 /* process_60@2x.png */; };
		FE873696143DDBFD002FDDE8 /* process_68.png in Resources */ = {isa = PBXBuildFile; fileRef = FE873664143DDBFD002FDDE8 /* process_68.png */; };
		FE873697143DDBFD002FDDE8 /* process_68@2x.png in Resources */ = {isa = PBXBuildFile; fileRef = FE873665143DDBFD002FDDE8 /* process_68@2x.png */; };
		FE873698143DDBFD002FDDE8 /* process_76.png in Resources */ = {isa = PBXBuildFile; fileRef = FE873666143DDBFD002FDDE8 /* process_76.png */; };
		FE873699143DDBFD002FDDE8 /* process_76@2x.png in Resources */ = {isa = PBXBuildFile; fileRef = FE873667143DDBFD002FDDE8 /* process_76@2x.png */; };
		FE87369A143DDBFD002FDDE8 /* process_8.png in Resources */ = {isa = PBXBuildFile; fileRef = FE873668143DDBFD002FDDE8 /* process_8.png */; };
		FE87369B143DDBFD002FDDE8 /* process_84.png in Resources */ = {isa = PBXBuildFile; fileRef = FE873669143DDBFD002FDDE8 /* process_84.png */; };
		FE87369C143DDBFD002FDDE8 /* process_84@2x.png in Resources */ = {isa = PBXBuildFile; fileRef = FE87366A143DDBFD002FDDE8 /* process_84@2x.png */; };
		FE87369D143DDBFD002FDDE8 /* process_8@2x.png in Resources */ = {isa = PBXBuildFile; fileRef = FE87366B143DDBFD002FDDE8 /* process_8@2x.png */; };
		FE87369E143DDBFD002FDDE8 /* process_92.png in Resources */ = {isa = PBXBuildFile; fileRef = FE87366C143DDBFD002FDDE8 /* process_92.png */; };
		FE87369F143DDBFD002FDDE8 /* process_92@2x.png in Resources */ = {isa = PBXBuildFile; fileRef = FE87366D143DDBFD002FDDE8 /* process_92@2x.png */; };
		FE8736A0143DDBFD002FDDE8 /* tableview_cell_divider.png in Resources */ = {isa = PBXBuildFile; fileRef = FE87366E143DDBFD002FDDE8 /* tableview_cell_divider.png */; };
		FE8736A1143DDBFD002FDDE8 /* tableview_cell_divider@2x.png in Resources */ = {isa = PBXBuildFile; fileRef = FE87366F143DDBFD002FDDE8 /* tableview_cell_divider@2x.png */; };
		FE8736A2143DDBFD002FDDE8 /* tableview_section_head_bg.png in Resources */ = {isa = PBXBuildFile; fileRef = FE873670143DDBFD002FDDE8 /* tableview_section_head_bg.png */; };
		FE8736A3143DDBFD002FDDE8 /* tableview_section_head_bg@2x.png in Resources */ = {isa = PBXBuildFile; fileRef = FE873671143DDBFD002FDDE8 /* tableview_section_head_bg@2x.png */; };
		FE8736A4143DDBFD002FDDE8 /* tofel.png in Resources */ = {isa = PBXBuildFile; fileRef = FE873672143DDBFD002FDDE8 /* tofel.png */; };
		FE8736A5143DDBFD002FDDE8 /* tofel@2x.png in Resources */ = {isa = PBXBuildFile; fileRef = FE873673143DDBFD002FDDE8 /* tofel@2x.png */; };
		FE8736B3143DDC3E002FDDE8 /* button_info.png in Resources */ = {isa = PBXBuildFile; fileRef = FE8736A7143DDC3E002FDDE8 /* button_info.png */; };
		FE8736B4143DDC3E002FDDE8 /* button_info@2x.png in Resources */ = {isa = PBXBuildFile; fileRef = FE8736A8143DDC3E002FDDE8 /* button_info@2x.png */; };
		FE8736B5143DDC3E002FDDE8 /* next_word_bg.png in Resources */ = {isa = PBXBuildFile; fileRef = FE8736A9143DDC3E002FDDE8 /* next_word_bg.png */; };
		FE8736B6143DDC3E002FDDE8 /* next_word_bg@2x.png in Resources */ = {isa = PBXBuildFile; fileRef = FE8736AA143DDC3E002FDDE8 /* next_word_bg@2x.png */; };
		FE8736B7143DDC3E002FDDE8 /* pre_word_translation_bg.png in Resources */ = {isa = PBXBuildFile; fileRef = FE8736AB143DDC3E002FDDE8 /* pre_word_translation_bg.png */; };
		FE8736B8143DDC3E002FDDE8 /* pre_word_translation_bg@2x.png in Resources */ = {isa = PBXBuildFile; fileRef = FE8736AC143DDC3E002FDDE8 /* pre_word_translation_bg@2x.png */; };
		FE8736B9143DDC3E002FDDE8 /* title_small.png in Resources */ = {isa = PBXBuildFile; fileRef = FE8736AD143DDC3E002FDDE8 /* title_small.png */; };
		FE8736BA143DDC3E002FDDE8 /* title_small@2x.png in Resources */ = {isa = PBXBuildFile; fileRef = FE8736AE143DDC3E002FDDE8 /* title_small@2x.png */; };
		FE8736BB143DDC3E002FDDE8 /* word_bg.png in Resources */ = {isa = PBXBuildFile; fileRef = FE8736AF143DDC3E002FDDE8 /* word_bg.png */; };
		FE8736BC143DDC3E002FDDE8 /* word_bg@2x.png in Resources */ = {isa = PBXBuildFile; fileRef = FE8736B0143DDC3E002FDDE8 /* word_bg@2x.png */; };
		FE8736BD143DDC3E002FDDE8 /* word_slider.png in Resources */ = {isa = PBXBuildFile; fileRef = FE8736B1143DDC3E002FDDE8 /* word_slider.png */; };
		FE8736BE143DDC3E002FDDE8 /* word_slider@2x.png in Resources */ = {isa = PBXBuildFile; fileRef = FE8736B2143DDC3E002FDDE8 /* word_slider@2x.png */; };
		FE8736E4143DDC7E002FDDE8 /* button_back.png in Resources */ = {isa = PBXBuildFile; fileRef = FE8736C0143DDC7E002FDDE8 /* button_back.png */; };
		FE8736E5143DDC7E002FDDE8 /* button_back@2x.png in Resources */ = {isa = PBXBuildFile; fileRef = FE8736C1143DDC7E002FDDE8 /* button_back@2x.png */; };
		FE8736E6143DDC7E002FDDE8 /* info_cet4.png in Resources */ = {isa = PBXBuildFile; fileRef = FE8736C2143DDC7E002FDDE8 /* info_cet4.png */; };
		FE8736E7143DDC7E002FDDE8 /* info_cet4@2x.png in Resources */ = {isa = PBXBuildFile; fileRef = FE8736C3143DDC7E002FDDE8 /* info_cet4@2x.png */; };
		FE8736E8143DDC7E002FDDE8 /* info_cet6.png in Resources */ = {isa = PBXBuildFile; fileRef = FE8736C4143DDC7E002FDDE8 /* info_cet6.png */; };
		FE8736E9143DDC7E002FDDE8 /* info_cet6@2x.png in Resources */ = {isa = PBXBuildFile; fileRef = FE8736C5143DDC7E002FDDE8 /* info_cet6@2x.png */; };
		FE8736EA143DDC7E002FDDE8 /* info_gre.png in Resources */ = {isa = PBXBuildFile; fileRef = FE8736C6143DDC7E002FDDE8 /* info_gre.png */; };
		FE8736EB143DDC7E002FDDE8 /* info_gre@2x.png in Resources */ = {isa = PBXBuildFile; fileRef = FE8736C7143DDC7E002FDDE8 /* info_gre@2x.png */; };
		FE8736EC143DDC7E002FDDE8 /* info_ielts.png in Resources */ = {isa = PBXBuildFile; fileRef = FE8736C8143DDC7E002FDDE8 /* info_ielts.png */; };
		FE8736ED143DDC7E002FDDE8 /* info_ielts@2x.png in Resources */ = {isa = PBXBuildFile; fileRef = FE8736C9143DDC7E002FDDE8 /* info_ielts@2x.png */; };
		FE8736EE143DDC7E002FDDE8 /* info_netm.png in Resources */ = {isa = PBXBuildFile; fileRef = FE8736CA143DDC7E002FDDE8 /* info_netm.png */; };
		FE8736EF143DDC7E002FDDE8 /* info_netm@2x.png in Resources */ = {isa = PBXBuildFile; fileRef = FE8736CB143DDC7E002FDDE8 /* info_netm@2x.png */; };
		FE8736F0143DDC7E002FDDE8 /* info_tofel.png in Resources */ = {isa = PBXBuildFile; fileRef = FE8736CC143DDC7E002FDDE8 /* info_tofel.png */; };
		FE8736F1143DDC7E002FDDE8 /* info_tofel@2x.png in Resources */ = {isa = PBXBuildFile; fileRef = FE8736CD143DDC7E002FDDE8 /* info_tofel@2x.png */; };
		FE8736F2143DDC7E002FDDE8 /* level_0.png in Resources */ = {isa = PBXBuildFile; fileRef = FE8736CE143DDC7E002FDDE8 /* level_0.png */; };
		FE8736F3143DDC7E002FDDE8 /* level_0@2x.png in Resources */ = {isa = PBXBuildFile; fileRef = FE8736CF143DDC7E002FDDE8 /* level_0@2x.png */; };
		FE8736F4143DDC7E002FDDE8 /* segments_charts_active.png in Resources */ = {isa = PBXBuildFile; fileRef = FE8736D0143DDC7E002FDDE8 /* segments_charts_active.png */; };
		FE8736F5143DDC7E002FDDE8 /* segments_charts_active@2x.png in Resources */ = {isa = PBXBuildFile; fileRef = FE8736D1143DDC7E002FDDE8 /* segments_charts_active@2x.png */; };
		FE8736F6143DDC7E002FDDE8 /* segments_charts.png in Resources */ = {isa = PBXBuildFile; fileRef = FE8736D2143DDC7E002FDDE8 /* segments_charts.png */; };
		FE8736F7143DDC7E002FDDE8 /* segments_charts@2x.png in Resources */ = {isa = PBXBuildFile; fileRef = FE8736D3143DDC7E002FDDE8 /* segments_charts@2x.png */; };
		FE8736F8143DDC7E002FDDE8 /* segments_methods_active.png in Resources */ = {isa = PBXBuildFile; fileRef = FE8736D4143DDC7E002FDDE8 /* segments_methods_active.png */; };
		FE8736F9143DDC7E002FDDE8 /* segments_methods_active@2x.png in Resources */ = {isa = PBXBuildFile; fileRef = FE8736D5143DDC7E002FDDE8 /* segments_methods_active@2x.png */; };
		FE8736FA143DDC7E002FDDE8 /* segments_methods.png in Resources */ = {isa = PBXBuildFile; fileRef = FE8736D6143DDC7E002FDDE8 /* segments_methods.png */; };
		FE8736FB143DDC7E002FDDE8 /* segments_methods@2x.png in Resources */ = {isa = PBXBuildFile; fileRef = FE8736D7143DDC7E002FDDE8 /* segments_methods@2x.png */; };
		FE8736FC143DDC7E002FDDE8 /* segments_related_active.png in Resources */ = {isa = PBXBuildFile; fileRef = FE8736D8143DDC7E002FDDE8 /* segments_related_active.png */; };
		FE8736FD143DDC7E002FDDE8 /* segments_related_active@2x.png in Resources */ = {isa = PBXBuildFile; fileRef = FE8736D9143DDC7E002FDDE8 /* segments_related_active@2x.png */; };
		FE8736FE143DDC7E002FDDE8 /* segments_related.png in Resources */ = {isa = PBXBuildFile; fileRef = FE8736DA143DDC7E002FDDE8 /* segments_related.png */; };
		FE8736FF143DDC7E002FDDE8 /* segments_related@2x.png in Resources */ = {isa = PBXBuildFile; fileRef = FE8736DB143DDC7E002FDDE8 /* segments_related@2x.png */; };
		FE873700143DDC7E002FDDE8 /* segments_translations_active.png in Resources */ = {isa = PBXBuildFile; fileRef = FE8736DC143DDC7E002FDDE8 /* segments_translations_active.png */; };
		FE873701143DDC7E002FDDE8 /* segments_translations_active@2x.png in Resources */ = {isa = PBXBuildFile; fileRef = FE8736DD143DDC7E002FDDE8 /* segments_translations_active@2x.png */; };
		FE873702143DDC7E002FDDE8 /* segments_translations.png in Resources */ = {isa = PBXBuildFile; fileRef = FE8736DE143DDC7E002FDDE8 /* segments_translations.png */; };
		FE873703143DDC7E002FDDE8 /* segments_translations@2x.png in Resources */ = {isa = PBXBuildFile; fileRef = FE8736DF143DDC7E002FDDE8 /* segments_translations@2x.png */; };
		FE873704143DDC7E002FDDE8 /* tableview_cell_arrow_dark.png in Resources */ = {isa = PBXBuildFile; fileRef = FE8736E0143DDC7E002FDDE8 /* tableview_cell_arrow_dark.png */; };
		FE873705143DDC7E002FDDE8 /* tableview_cell_arrow_dark@2x.png in Resources */ = {isa = PBXBuildFile; fileRef = FE8736E1143DDC7E002FDDE8 /* tableview_cell_arrow_dark@2x.png */; };
		FE873706143DDC7E002FDDE8 /* translation_to_wordlist.png in Resources */ = {isa = PBXBuildFile; fileRef = FE8736E2143DDC7E002FDDE8 /* translation_to_wordlist.png */; };
		FE873707143DDC7E002FDDE8 /* translation_to_wordlist@2x.png in Resources */ = {isa = PBXBuildFile; fileRef = FE8736E3143DDC7E002FDDE8 /* translation_to_wordlist@2x.png */; };
		FE87370D143DDFA9002FDDE8 /* icon.png in Resources */ = {isa = PBXBuildFile; fileRef = FE87370C143DDFA9002FDDE8 /* icon.png */; };
		FE87370F143DDFB8002FDDE8 /* icon@2x.png in Resources */ = {isa = PBXBuildFile; fileRef = FE87370E143DDFB8002FDDE8 /* icon@2x.png */; };
		FE873713143DECD0002FDDE8 /* WordRelationsViewController.m in Sources */ = {isa = PBXBuildFile; fileRef = FE873712143DECCF002FDDE8 /* WordRelationsViewController.m */; };
		FEA70AC614387F4F0025313C /* TestDelegater.m in Sources */ = {isa = PBXBuildFile; fileRef = FEA70AC514387F4F0025313C /* TestDelegater.m */; };
		FEA70AC914387F6C0025313C /* XMLManager.m in Sources */ = {isa = PBXBuildFile; fileRef = FEA70AC814387F6C0025313C /* XMLManager.m */; };
		FEA70ACC14387FC20025313C /* UserDelegater.m in Sources */ = {isa = PBXBuildFile; fileRef = FEA70ACB14387FC20025313C /* UserDelegater.m */; };
		FEA70ACF14387FE40025313C /* FlowDelegater.m in Sources */ = {isa = PBXBuildFile; fileRef = FEA70ACE14387FE40025313C /* FlowDelegater.m */; };
		FEABC54C143C8A2E005AB8C1 /* WordBooksViewController.m in Sources */ = {isa = PBXBuildFile; fileRef = FEABC54B143C8A2E005AB8C1 /* WordBooksViewController.m */; };
		FEABC54F143C8A41005AB8C1 /* WordMemsViewController.m in Sources */ = {isa = PBXBuildFile; fileRef = FEABC54E143C8A41005AB8C1 /* WordMemsViewController.m */; };
		FEABC552143C8A53005AB8C1 /* WordListsViewController.m in Sources */ = {isa = PBXBuildFile; fileRef = FEABC551143C8A53005AB8C1 /* WordListsViewController.m */; };
		FEABC555143C8A62005AB8C1 /* WordStatisticsViewController.m in Sources */ = {isa = PBXBuildFile; fileRef = FEABC554143C8A62005AB8C1 /* WordStatisticsViewController.m */; };
		FEB8ED26143B47420097E267 /* topbar_bg.png in Resources */ = {isa = PBXBuildFile; fileRef = FEB8ED24143B47420097E267 /* topbar_bg.png */; };
		FEB8ED27143B47420097E267 /* topbar_bg@2x.png in Resources */ = {isa = PBXBuildFile; fileRef = FEB8ED25143B47420097E267 /* topbar_bg@2x.png */; };
		FEB8ED2C143B47C30097E267 /* bg_body.png in Resources */ = {isa = PBXBuildFile; fileRef = FEB8ED28143B47C30097E267 /* bg_body.png */; };
		FEB8ED2D143B47C30097E267 /* bg_body@2x.png in Resources */ = {isa = PBXBuildFile; fileRef = FEB8ED29143B47C30097E267 /* bg_body@2x.png */; };
		FEB8ED2E143B47C30097E267 /* bg_deeper.png in Resources */ = {isa = PBXBuildFile; fileRef = FEB8ED2A143B47C30097E267 /* bg_deeper.png */; };
		FEB8ED2F143B47C30097E267 /* bg_deeper@2x.png in Resources */ = {isa = PBXBuildFile; fileRef = FEB8ED2B143B47C30097E267 /* bg_deeper@2x.png */; };
		FEBFBEFF1436DAF20028630E /* UIKit.framework in Frameworks */ = {isa = PBXBuildFile; fileRef = FEBFBEFE1436DAF20028630E /* UIKit.framework */; };
		FEBFBF011436DAF20028630E /* Foundation.framework in Frameworks */ = {isa = PBXBuildFile; fileRef = FEBFBF001436DAF20028630E /* Foundation.framework */; };
		FEBFBF031436DAF20028630E /* CoreGraphics.framework in Frameworks */ = {isa = PBXBuildFile; fileRef = FEBFBF021436DAF20028630E /* CoreGraphics.framework */; };
		FEBFBF051436DAF20028630E /* CoreData.framework in Frameworks */ = {isa = PBXBuildFile; fileRef = FEBFBF041436DAF20028630E /* CoreData.framework */; };
		FEBFBF0B1436DAF20028630E /* InfoPlist.strings in Resources */ = {isa = PBXBuildFile; fileRef = FEBFBF091436DAF20028630E /* InfoPlist.strings */; };
		FEBFBF0D1436DAF20028630E /* main.m in Sources */ = {isa = PBXBuildFile; fileRef = FEBFBF0C1436DAF20028630E /* main.m */; };
		FEBFBF111436DAF20028630E /* WordsssAppDelegate.m in Sources */ = {isa = PBXBuildFile; fileRef = FEBFBF101436DAF20028630E /* WordsssAppDelegate.m */; };
		FEBFBF141436DAF20028630E /* Wordsss.xcdatamodeld in Sources */ = {isa = PBXBuildFile; fileRef = FEBFBF121436DAF20028630E /* Wordsss.xcdatamodeld */; };
		FEBFBF1C1436DAF20028630E /* SenTestingKit.framework in Frameworks */ = {isa = PBXBuildFile; fileRef = FEBFBF1B1436DAF20028630E /* SenTestingKit.framework */; };
		FEBFBF1D1436DAF20028630E /* UIKit.framework in Frameworks */ = {isa = PBXBuildFile; fileRef = FEBFBEFE1436DAF20028630E /* UIKit.framework */; };
		FEBFBF1E1436DAF20028630E /* Foundation.framework in Frameworks */ = {isa = PBXBuildFile; fileRef = FEBFBF001436DAF20028630E /* Foundation.framework */; };
		FEBFBF1F1436DAF20028630E /* CoreGraphics.framework in Frameworks */ = {isa = PBXBuildFile; fileRef = FEBFBF021436DAF20028630E /* CoreGraphics.framework */; };
		FEBFBF201436DAF20028630E /* CoreData.framework in Frameworks */ = {isa = PBXBuildFile; fileRef = FEBFBF041436DAF20028630E /* CoreData.framework */; };
		FEBFBF281436DAF20028630E /* InfoPlist.strings in Resources */ = {isa = PBXBuildFile; fileRef = FEBFBF261436DAF20028630E /* InfoPlist.strings */; };
		FEBFBF2A1436DAF20028630E /* WordsssTests.h in Resources */ = {isa = PBXBuildFile; fileRef = FEBFBF291436DAF20028630E /* WordsssTests.h */; };
		FEBFBF2C1436DAF20028630E /* WordsssTests.m in Sources */ = {isa = PBXBuildFile; fileRef = FEBFBF2B1436DAF20028630E /* WordsssTests.m */; };
		FEE053DF14379ADC0068CDEC /* Default@2x.png in Resources */ = {isa = PBXBuildFile; fileRef = FEE053DE14379ADC0068CDEC /* Default@2x.png */; };
		FEE37B7714370C0700A0E6AC /* ProfileViewController.m in Sources */ = {isa = PBXBuildFile; fileRef = FEE37B7614370C0700A0E6AC /* ProfileViewController.m */; };
		FEE37BB714370F7600A0E6AC /* TestViewController.m in Sources */ = {isa = PBXBuildFile; fileRef = FEE37BB614370F7600A0E6AC /* TestViewController.m */; };
		FEEE311A1439CB1B001F7E90 /* SettingViewController.m in Sources */ = {isa = PBXBuildFile; fileRef = FEEE31181439CB1B001F7E90 /* SettingViewController.m */; };
		FEEE311F1439CB85001F7E90 /* ExploreViewController.m in Sources */ = {isa = PBXBuildFile; fileRef = FEEE311E1439CB85001F7E90 /* ExploreViewController.m */; };
		FEEE31AA1439DFC2001F7E90 /* Default.png in Resources */ = {isa = PBXBuildFile; fileRef = FEEE31A91439DFC2001F7E90 /* Default.png */; };
		FEEE52BA143AF2AD00187CD6 /* tab_bar_bg.png in Resources */ = {isa = PBXBuildFile; fileRef = FEEE52B8143AF2AD00187CD6 /* tab_bar_bg.png */; };
		FEEE52BB143AF2AD00187CD6 /* tab_bar_bg@2x.png in Resources */ = {isa = PBXBuildFile; fileRef = FEEE52B9143AF2AD00187CD6 /* tab_bar_bg@2x.png */; };
/* End PBXBuildFile section */

/* Begin PBXContainerItemProxy section */
		FEBFBF211436DAF20028630E /* PBXContainerItemProxy */ = {
			isa = PBXContainerItemProxy;
			containerPortal = FEBFBEF11436DAF20028630E /* Project object */;
			proxyType = 1;
			remoteGlobalIDString = FEBFBEF91436DAF20028630E;
			remoteInfo = Wordsss;
		};
/* End PBXContainerItemProxy section */

/* Begin PBXFileReference section */
		FE060C5B143CD7040026228C /* RKTabBarController.m */ = {isa = PBXFileReference; fileEncoding = 4; lastKnownFileType = sourcecode.c.objc; path = RKTabBarController.m; sourceTree = "<group>"; };
		FE060C5C143CD7040026228C /* RKTabBarController.xib */ = {isa = PBXFileReference; fileEncoding = 4; lastKnownFileType = file.xib; path = RKTabBarController.xib; sourceTree = "<group>"; };
		FE060C5D143CD7040026228C /* RKTabBarController.h */ = {isa = PBXFileReference; fileEncoding = 4; lastKnownFileType = sourcecode.c.h; path = RKTabBarController.h; sourceTree = "<group>"; };
		FE060C60143CD78A0026228C /* RkNavigationController.m */ = {isa = PBXFileReference; fileEncoding = 4; lastKnownFileType = sourcecode.c.objc; path = RkNavigationController.m; sourceTree = "<group>"; };
		FE060C61143CD78A0026228C /* RKNavigationController.xib */ = {isa = PBXFileReference; fileEncoding = 4; lastKnownFileType = file.xib; path = RKNavigationController.xib; sourceTree = "<group>"; };
		FE060C62143CD78A0026228C /* RKNavigationController.h */ = {isa = PBXFileReference; fileEncoding = 4; lastKnownFileType = sourcecode.c.h; path = RKNavigationController.h; sourceTree = "<group>"; };
		FE17D589143B02110067E780 /* tab_wordtoday.png */ = {isa = PBXFileReference; lastKnownFileType = image.png; path = tab_wordtoday.png; sourceTree = "<group>"; };
		FE17D58A143B02110067E780 /* tab_wordtoday@2x.png */ = {isa = PBXFileReference; lastKnownFileType = image.png; path = "tab_wordtoday@2x.png"; sourceTree = "<group>"; };
		FE21B00A143D75FA0033B3E8 /* WordBooksTableViewCell.h */ = {isa = PBXFileReference; fileEncoding = 4; lastKnownFileType = sourcecode.c.h; path = WordBooksTableViewCell.h; sourceTree = "<group>"; };
		FE21B00B143D75FA0033B3E8 /* WordBooksTableViewCell.m */ = {isa = PBXFileReference; fileEncoding = 4; lastKnownFileType = sourcecode.c.objc; path = WordBooksTableViewCell.m; sourceTree = "<group>"; };
		FE2E833F143B2899004A2C56 /* profile_active.png */ = {isa = PBXFileReference; lastKnownFileType = image.png; path = profile_active.png; sourceTree = "<group>"; };
		FE2E8340143B2899004A2C56 /* profile_active@2x.png */ = {isa = PBXFileReference; lastKnownFileType = image.png; path = "profile_active@2x.png"; sourceTree = "<group>"; };
		FE2E8341143B2899004A2C56 /* profile.png */ = {isa = PBXFileReference; lastKnownFileType = image.png; path = profile.png; sourceTree = "<group>"; };
		FE2E8342143B2899004A2C56 /* profile@2x.png */ = {isa = PBXFileReference; lastKnownFileType = image.png; path = "profile@2x.png"; sourceTree = "<group>"; };
		FE2E8343143B2899004A2C56 /* search_active.png */ = {isa = PBXFileReference; lastKnownFileType = image.png; path = search_active.png; sourceTree = "<group>"; };
		FE2E8344143B289A004A2C56 /* search_active@2x.png */ = {isa = PBXFileReference; lastKnownFileType = image.png; path = "search_active@2x.png"; sourceTree = "<group>"; };
		FE2E8345143B289A004A2C56 /* search.png */ = {isa = PBXFileReference; lastKnownFileType = image.png; path = search.png; sourceTree = "<group>"; };
		FE2E8346143B289A004A2C56 /* search@2x.png */ = {isa = PBXFileReference; lastKnownFileType = image.png; path = "search@2x.png"; sourceTree = "<group>"; };
		FE2E8347143B289A004A2C56 /* settings_active.png */ = {isa = PBXFileReference; lastKnownFileType = image.png; path = settings_active.png; sourceTree = "<group>"; };
		FE2E8348143B289A004A2C56 /* settings_active@2x.png */ = {isa = PBXFileReference; lastKnownFileType = image.png; path = "settings_active@2x.png"; sourceTree = "<group>"; };
		FE2E8349143B289A004A2C56 /* settings.png */ = {isa = PBXFileReference; lastKnownFileType = image.png; path = settings.png; sourceTree = "<group>"; };
		FE2E834A143B289A004A2C56 /* settings@2x.png */ = {isa = PBXFileReference; lastKnownFileType = image.png; path = "settings@2x.png"; sourceTree = "<group>"; };
		FE2E834B143B289A004A2C56 /* wordlist_active.png */ = {isa = PBXFileReference; lastKnownFileType = image.png; path = wordlist_active.png; sourceTree = "<group>"; };
		FE2E834C143B289A004A2C56 /* wordlist_active@2x.png */ = {isa = PBXFileReference; lastKnownFileType = image.png; path = "wordlist_active@2x.png"; sourceTree = "<group>"; };
		FE2E834D143B289A004A2C56 /* wordlist.png */ = {isa = PBXFileReference; lastKnownFileType = image.png; path = wordlist.png; sourceTree = "<group>"; };
		FE2E834E143B289A004A2C56 /* wordlist@2x.png */ = {isa = PBXFileReference; lastKnownFileType = image.png; path = "wordlist@2x.png"; sourceTree = "<group>"; };
		FE2E835F143B2FAC004A2C56 /* WordViewController.h */ = {isa = PBXFileReference; fileEncoding = 4; lastKnownFileType = sourcecode.c.h; path = WordViewController.h; sourceTree = "<group>"; };
		FE2E8360143B2FAC004A2C56 /* WordViewController.m */ = {isa = PBXFileReference; fileEncoding = 4; lastKnownFileType = sourcecode.c.objc; path = WordViewController.m; sourceTree = "<group>"; };
		FE523EB1143C6EEE00B2F4FF /* Word.h */ = {isa = PBXFileReference; fileEncoding = 4; lastKnownFileType = sourcecode.c.h; path = Word.h; sourceTree = "<group>"; };
		FE523EB2143C6EEE00B2F4FF /* Word.m */ = {isa = PBXFileReference; fileEncoding = 4; lastKnownFileType = sourcecode.c.objc; path = Word.m; sourceTree = "<group>"; };
		FE5C963D143DD18E00E38250 /* RKNavigationControllerDelegate.h */ = {isa = PBXFileReference; fileEncoding = 4; lastKnownFileType = sourcecode.c.h; path = RKNavigationControllerDelegate.h; sourceTree = "<group>"; };
		FE6C8DB314385A2F00DC9784 /* UserDataManager.h */ = {isa = PBXFileReference; fileEncoding = 4; lastKnownFileType = sourcecode.c.h; path = UserDataManager.h; sourceTree = "<group>"; };
		FE6C8DB414385A2F00DC9784 /* UserDataManager.m */ = {isa = PBXFileReference; fileEncoding = 4; lastKnownFileType = sourcecode.c.objc; path = UserDataManager.m; sourceTree = "<group>"; };
		FE6C8DB614385AAD00DC9784 /* TodayViewController.h */ = {isa = PBXFileReference; fileEncoding = 4; lastKnownFileType = sourcecode.c.h; path = TodayViewController.h; sourceTree = "<group>"; };
		FE6C8DB714385AAD00DC9784 /* TodayViewController.m */ = {isa = PBXFileReference; fileEncoding = 4; lastKnownFileType = sourcecode.c.objc; path = TodayViewController.m; sourceTree = "<group>"; };
		FE6C8DB914385AC400DC9784 /* BooksViewController.h */ = {isa = PBXFileReference; fileEncoding = 4; lastKnownFileType = sourcecode.c.h; path = BooksViewController.h; sourceTree = "<group>"; };
		FE6C8DBA14385AC400DC9784 /* BooksViewController.m */ = {isa = PBXFileReference; fileEncoding = 4; lastKnownFileType = sourcecode.c.objc; path = BooksViewController.m; sourceTree = "<group>"; };
		FE6C8DBC14385ACE00DC9784 /* ListsViewController.h */ = {isa = PBXFileReference; fileEncoding = 4; lastKnownFileType = sourcecode.c.h; path = ListsViewController.h; sourceTree = "<group>"; };
		FE6C8DBD14385ACE00DC9784 /* ListsViewController.m */ = {isa = PBXFileReference; fileEncoding = 4; lastKnownFileType = sourcecode.c.objc; path = ListsViewController.m; sourceTree = "<group>"; };
		FE772DBB143D9CC9004DDA0D /* UIDashBoard.xib */ = {isa = PBXFileReference; fileEncoding = 4; lastKnownFileType = file.xib; path = UIDashBoard.xib; sourceTree = "<group>"; };
		FE7743A51439F9E900BCAA7E /* MainStoryboard.storyboard */ = {isa = PBXFileReference; fileEncoding = 4; lastKnownFileType = file.storyboard; path = MainStoryboard.storyboard; sourceTree = "<group>"; };
		FE873642143DDBFD002FDDE8 /* basicinfo_bg.png */ = {isa = PBXFileReference; lastKnownFileType = image.png; name = basicinfo_bg.png; path = profile/basicinfo_bg.png; sourceTree = "<group>"; };
		FE873643143DDBFD002FDDE8 /* basicinfo_bg@2x.png */ = {isa = PBXFileReference; lastKnownFileType = image.png; name = "basicinfo_bg@2x.png"; path = "profile/basicinfo_bg@2x.png"; sourceTree = "<group>"; };
		FE873644143DDBFD002FDDE8 /* cet4.png */ = {isa = PBXFileReference; lastKnownFileType = image.png; name = cet4.png; path = profile/cet4.png; sourceTree = "<group>"; };
		FE873645143DDBFD002FDDE8 /* cet4@2x.png */ = {isa = PBXFileReference; lastKnownFileType = image.png; name = "cet4@2x.png"; path = "profile/cet4@2x.png"; sourceTree = "<group>"; };
		FE873646143DDBFD002FDDE8 /* cet6.png */ = {isa = PBXFileReference; lastKnownFileType = image.png; name = cet6.png; path = profile/cet6.png; sourceTree = "<group>"; };
		FE873647143DDBFD002FDDE8 /* cet6@2x.png */ = {isa = PBXFileReference; lastKnownFileType = image.png; name = "cet6@2x.png"; path = "profile/cet6@2x.png"; sourceTree = "<group>"; };
		FE873648143DDBFD002FDDE8 /* chart_bg.png */ = {isa = PBXFileReference; lastKnownFileType = image.png; name = chart_bg.png; path = profile/chart_bg.png; sourceTree = "<group>"; };
		FE873649143DDBFD002FDDE8 /* chart_bg@2x.png */ = {isa = PBXFileReference; lastKnownFileType = image.png; name = "chart_bg@2x.png"; path = "profile/chart_bg@2x.png"; sourceTree = "<group>"; };
		FE87364A143DDBFD002FDDE8 /* chart_popover_bg.png */ = {isa = PBXFileReference; lastKnownFileType = image.png; name = chart_popover_bg.png; path = profile/chart_popover_bg.png; sourceTree = "<group>"; };
		FE87364B143DDBFD002FDDE8 /* chart_popover_bg@2x.png */ = {isa = PBXFileReference; lastKnownFileType = image.png; name = "chart_popover_bg@2x.png"; path = "profile/chart_popover_bg@2x.png"; sourceTree = "<group>"; };
		FE87364C143DDBFD002FDDE8 /* gre.png */ = {isa = PBXFileReference; lastKnownFileType = image.png; name = gre.png; path = profile/gre.png; sourceTree = "<group>"; };
		FE87364D143DDBFD002FDDE8 /* gre@2x.png */ = {isa = PBXFileReference; lastKnownFileType = image.png; name = "gre@2x.png"; path = "profile/gre@2x.png"; sourceTree = "<group>"; };
		FE87364E143DDBFD002FDDE8 /* ielts.png */ = {isa = PBXFileReference; lastKnownFileType = image.png; name = ielts.png; path = profile/ielts.png; sourceTree = "<group>"; };
		FE87364F143DDBFD002FDDE8 /* ielts@2x.png */ = {isa = PBXFileReference; lastKnownFileType = image.png; name = "ielts@2x.png"; path = "profile/ielts@2x.png"; sourceTree = "<group>"; };
		FE873650143DDBFD002FDDE8 /* info_blue.png */ = {isa = PBXFileReference; lastKnownFileType = image.png; name = info_blue.png; path = profile/info_blue.png; sourceTree = "<group>"; };
		FE873651143DDBFD002FDDE8 /* info_blue@2x.png */ = {isa = PBXFileReference; lastKnownFileType = image.png; name = "info_blue@2x.png"; path = "profile/info_blue@2x.png"; sourceTree = "<group>"; };
		FE873652143DDBFD002FDDE8 /* netm.png */ = {isa = PBXFileReference; lastKnownFileType = image.png; name = netm.png; path = profile/netm.png; sourceTree = "<group>"; };
		FE873653143DDBFD002FDDE8 /* netm@2x.png */ = {isa = PBXFileReference; lastKnownFileType = image.png; name = "netm@2x.png"; path = "profile/netm@2x.png"; sourceTree = "<group>"; };
		FE873654143DDBFD002FDDE8 /* process_0.png */ = {isa = PBXFileReference; lastKnownFileType = image.png; name = process_0.png; path = profile/process_0.png; sourceTree = "<group>"; };
		FE873655143DDBFD002FDDE8 /* process_0@2x.png */ = {isa = PBXFileReference; lastKnownFileType = image.png; name = "process_0@2x.png"; path = "profile/process_0@2x.png"; sourceTree = "<group>"; };
		FE873656143DDBFD002FDDE8 /* process_100.png */ = {isa = PBXFileReference; lastKnownFileType = image.png; name = process_100.png; path = profile/process_100.png; sourceTree = "<group>"; };
		FE873657143DDBFD002FDDE8 /* process_100@2x.png */ = {isa = PBXFileReference; lastKnownFileType = image.png; name = "process_100@2x.png"; path = "profile/process_100@2x.png"; sourceTree = "<group>"; };
		FE873658143DDBFD002FDDE8 /* process_17.png */ = {isa = PBXFileReference; lastKnownFileType = image.png; name = process_17.png; path = profile/process_17.png; sourceTree = "<group>"; };
		FE873659143DDBFD002FDDE8 /* process_17@2x.png */ = {isa = PBXFileReference; lastKnownFileType = image.png; name = "process_17@2x.png"; path = "profile/process_17@2x.png"; sourceTree = "<group>"; };
		FE87365A143DDBFD002FDDE8 /* process_25.png */ = {isa = PBXFileReference; lastKnownFileType = image.png; name = process_25.png; path = profile/process_25.png; sourceTree = "<group>"; };
		FE87365B143DDBFD002FDDE8 /* process_25@2x.png */ = {isa = PBXFileReference; lastKnownFileType = image.png; name = "process_25@2x.png"; path = "profile/process_25@2x.png"; sourceTree = "<group>"; };
		FE87365C143DDBFD002FDDE8 /* process_34.png */ = {isa = PBXFileReference; lastKnownFileType = image.png; name = process_34.png; path = profile/process_34.png; sourceTree = "<group>"; };
		FE87365D143DDBFD002FDDE8 /* process_34@2x.png */ = {isa = PBXFileReference; lastKnownFileType = image.png; name = "process_34@2x.png"; path = "profile/process_34@2x.png"; sourceTree = "<group>"; };
		FE87365E143DDBFD002FDDE8 /* process_42.png */ = {isa = PBXFileReference; lastKnownFileType = image.png; name = process_42.png; path = profile/process_42.png; sourceTree = "<group>"; };
		FE87365F143DDBFD002FDDE8 /* process_42@2x.png */ = {isa = PBXFileReference; lastKnownFileType = image.png; name = "process_42@2x.png"; path = "profile/process_42@2x.png"; sourceTree = "<group>"; };
		FE873660143DDBFD002FDDE8 /* process_50.png */ = {isa = PBXFileReference; lastKnownFileType = image.png; name = process_50.png; path = profile/process_50.png; sourceTree = "<group>"; };
		FE873661143DDBFD002FDDE8 /* process_50@2x.png */ = {isa = PBXFileReference; lastKnownFileType = image.png; name = "process_50@2x.png"; path = "profile/process_50@2x.png"; sourceTree = "<group>"; };
		FE873662143DDBFD002FDDE8 /* process_60.png */ = {isa = PBXFileReference; lastKnownFileType = image.png; name = process_60.png; path = profile/process_60.png; sourceTree = "<group>"; };
		FE873663143DDBFD002FDDE8 /* process_60@2x.png */ = {isa = PBXFileReference; lastKnownFileType = image.png; name = "process_60@2x.png"; path = "profile/process_60@2x.png"; sourceTree = "<group>"; };
		FE873664143DDBFD002FDDE8 /* process_68.png */ = {isa = PBXFileReference; lastKnownFileType = image.png; name = process_68.png; path = profile/process_68.png; sourceTree = "<group>"; };
		FE873665143DDBFD002FDDE8 /* process_68@2x.png */ = {isa = PBXFileReference; lastKnownFileType = image.png; name = "process_68@2x.png"; path = "profile/process_68@2x.png"; sourceTree = "<group>"; };
		FE873666143DDBFD002FDDE8 /* process_76.png */ = {isa = PBXFileReference; lastKnownFileType = image.png; name = process_76.png; path = profile/process_76.png; sourceTree = "<group>"; };
		FE873667143DDBFD002FDDE8 /* process_76@2x.png */ = {isa = PBXFileReference; lastKnownFileType = image.png; name = "process_76@2x.png"; path = "profile/process_76@2x.png"; sourceTree = "<group>"; };
		FE873668143DDBFD002FDDE8 /* process_8.png */ = {isa = PBXFileReference; lastKnownFileType = image.png; name = process_8.png; path = profile/process_8.png; sourceTree = "<group>"; };
		FE873669143DDBFD002FDDE8 /* process_84.png */ = {isa = PBXFileReference; lastKnownFileType = image.png; name = process_84.png; path = profile/process_84.png; sourceTree = "<group>"; };
		FE87366A143DDBFD002FDDE8 /* process_84@2x.png */ = {isa = PBXFileReference; lastKnownFileType = image.png; name = "process_84@2x.png"; path = "profile/process_84@2x.png"; sourceTree = "<group>"; };
		FE87366B143DDBFD002FDDE8 /* process_8@2x.png */ = {isa = PBXFileReference; lastKnownFileType = image.png; name = "process_8@2x.png"; path = "profile/process_8@2x.png"; sourceTree = "<group>"; };
		FE87366C143DDBFD002FDDE8 /* process_92.png */ = {isa = PBXFileReference; lastKnownFileType = image.png; name = process_92.png; path = profile/process_92.png; sourceTree = "<group>"; };
		FE87366D143DDBFD002FDDE8 /* process_92@2x.png */ = {isa = PBXFileReference; lastKnownFileType = image.png; name = "process_92@2x.png"; path = "profile/process_92@2x.png"; sourceTree = "<group>"; };
		FE87366E143DDBFD002FDDE8 /* tableview_cell_divider.png */ = {isa = PBXFileReference; lastKnownFileType = image.png; name = tableview_cell_divider.png; path = profile/tableview_cell_divider.png; sourceTree = "<group>"; };
		FE87366F143DDBFD002FDDE8 /* tableview_cell_divider@2x.png */ = {isa = PBXFileReference; lastKnownFileType = image.png; name = "tableview_cell_divider@2x.png"; path = "profile/tableview_cell_divider@2x.png"; sourceTree = "<group>"; };
		FE873670143DDBFD002FDDE8 /* tableview_section_head_bg.png */ = {isa = PBXFileReference; lastKnownFileType = image.png; name = tableview_section_head_bg.png; path = profile/tableview_section_head_bg.png; sourceTree = "<group>"; };
		FE873671143DDBFD002FDDE8 /* tableview_section_head_bg@2x.png */ = {isa = PBXFileReference; lastKnownFileType = image.png; name = "tableview_section_head_bg@2x.png"; path = "profile/tableview_section_head_bg@2x.png"; sourceTree = "<group>"; };
		FE873672143DDBFD002FDDE8 /* tofel.png */ = {isa = PBXFileReference; lastKnownFileType = image.png; name = tofel.png; path = profile/tofel.png; sourceTree = "<group>"; };
		FE873673143DDBFD002FDDE8 /* tofel@2x.png */ = {isa = PBXFileReference; lastKnownFileType = image.png; name = "tofel@2x.png"; path = "profile/tofel@2x.png"; sourceTree = "<group>"; };
		FE8736A7143DDC3E002FDDE8 /* button_info.png */ = {isa = PBXFileReference; lastKnownFileType = image.png; path = button_info.png; sourceTree = "<group>"; };
		FE8736A8143DDC3E002FDDE8 /* button_info@2x.png */ = {isa = PBXFileReference; lastKnownFileType = image.png; path = "button_info@2x.png"; sourceTree = "<group>"; };
		FE8736A9143DDC3E002FDDE8 /* next_word_bg.png */ = {isa = PBXFileReference; lastKnownFileType = image.png; path = next_word_bg.png; sourceTree = "<group>"; };
		FE8736AA143DDC3E002FDDE8 /* next_word_bg@2x.png */ = {isa = PBXFileReference; lastKnownFileType = image.png; path = "next_word_bg@2x.png"; sourceTree = "<group>"; };
		FE8736AB143DDC3E002FDDE8 /* pre_word_translation_bg.png */ = {isa = PBXFileReference; lastKnownFileType = image.png; path = pre_word_translation_bg.png; sourceTree = "<group>"; };
		FE8736AC143DDC3E002FDDE8 /* pre_word_translation_bg@2x.png */ = {isa = PBXFileReference; lastKnownFileType = image.png; path = "pre_word_translation_bg@2x.png"; sourceTree = "<group>"; };
		FE8736AD143DDC3E002FDDE8 /* title_small.png */ = {isa = PBXFileReference; lastKnownFileType = image.png; path = title_small.png; sourceTree = "<group>"; };
		FE8736AE143DDC3E002FDDE8 /* title_small@2x.png */ = {isa = PBXFileReference; lastKnownFileType = image.png; path = "title_small@2x.png"; sourceTree = "<group>"; };
		FE8736AF143DDC3E002FDDE8 /* word_bg.png */ = {isa = PBXFileReference; lastKnownFileType = image.png; path = word_bg.png; sourceTree = "<group>"; };
		FE8736B0143DDC3E002FDDE8 /* word_bg@2x.png */ = {isa = PBXFileReference; lastKnownFileType = image.png; path = "word_bg@2x.png"; sourceTree = "<group>"; };
		FE8736B1143DDC3E002FDDE8 /* word_slider.png */ = {isa = PBXFileReference; lastKnownFileType = image.png; path = word_slider.png; sourceTree = "<group>"; };
		FE8736B2143DDC3E002FDDE8 /* word_slider@2x.png */ = {isa = PBXFileReference; lastKnownFileType = image.png; path = "word_slider@2x.png"; sourceTree = "<group>"; };
		FE8736C0143DDC7E002FDDE8 /* button_back.png */ = {isa = PBXFileReference; lastKnownFileType = image.png; path = button_back.png; sourceTree = "<group>"; };
		FE8736C1143DDC7E002FDDE8 /* button_back@2x.png */ = {isa = PBXFileReference; lastKnownFileType = image.png; path = "button_back@2x.png"; sourceTree = "<group>"; };
		FE8736C2143DDC7E002FDDE8 /* info_cet4.png */ = {isa = PBXFileReference; lastKnownFileType = image.png; path = info_cet4.png; sourceTree = "<group>"; };
		FE8736C3143DDC7E002FDDE8 /* info_cet4@2x.png */ = {isa = PBXFileReference; lastKnownFileType = image.png; path = "info_cet4@2x.png"; sourceTree = "<group>"; };
		FE8736C4143DDC7E002FDDE8 /* info_cet6.png */ = {isa = PBXFileReference; lastKnownFileType = image.png; path = info_cet6.png; sourceTree = "<group>"; };
		FE8736C5143DDC7E002FDDE8 /* info_cet6@2x.png */ = {isa = PBXFileReference; lastKnownFileType = image.png; path = "info_cet6@2x.png"; sourceTree = "<group>"; };
		FE8736C6143DDC7E002FDDE8 /* info_gre.png */ = {isa = PBXFileReference; lastKnownFileType = image.png; path = info_gre.png; sourceTree = "<group>"; };
		FE8736C7143DDC7E002FDDE8 /* info_gre@2x.png */ = {isa = PBXFileReference; lastKnownFileType = image.png; path = "info_gre@2x.png"; sourceTree = "<group>"; };
		FE8736C8143DDC7E002FDDE8 /* info_ielts.png */ = {isa = PBXFileReference; lastKnownFileType = image.png; path = info_ielts.png; sourceTree = "<group>"; };
		FE8736C9143DDC7E002FDDE8 /* info_ielts@2x.png */ = {isa = PBXFileReference; lastKnownFileType = image.png; path = "info_ielts@2x.png"; sourceTree = "<group>"; };
		FE8736CA143DDC7E002FDDE8 /* info_netm.png */ = {isa = PBXFileReference; lastKnownFileType = image.png; path = info_netm.png; sourceTree = "<group>"; };
		FE8736CB143DDC7E002FDDE8 /* info_netm@2x.png */ = {isa = PBXFileReference; lastKnownFileType = image.png; path = "info_netm@2x.png"; sourceTree = "<group>"; };
		FE8736CC143DDC7E002FDDE8 /* info_tofel.png */ = {isa = PBXFileReference; lastKnownFileType = image.png; path = info_tofel.png; sourceTree = "<group>"; };
		FE8736CD143DDC7E002FDDE8 /* info_tofel@2x.png */ = {isa = PBXFileReference; lastKnownFileType = image.png; path = "info_tofel@2x.png"; sourceTree = "<group>"; };
		FE8736CE143DDC7E002FDDE8 /* level_0.png */ = {isa = PBXFileReference; lastKnownFileType = image.png; path = level_0.png; sourceTree = "<group>"; };
		FE8736CF143DDC7E002FDDE8 /* level_0@2x.png */ = {isa = PBXFileReference; lastKnownFileType = image.png; path = "level_0@2x.png"; sourceTree = "<group>"; };
		FE8736D0143DDC7E002FDDE8 /* segments_charts_active.png */ = {isa = PBXFileReference; lastKnownFileType = image.png; path = segments_charts_active.png; sourceTree = "<group>"; };
		FE8736D1143DDC7E002FDDE8 /* segments_charts_active@2x.png */ = {isa = PBXFileReference; lastKnownFileType = image.png; path = "segments_charts_active@2x.png"; sourceTree = "<group>"; };
		FE8736D2143DDC7E002FDDE8 /* segments_charts.png */ = {isa = PBXFileReference; lastKnownFileType = image.png; path = segments_charts.png; sourceTree = "<group>"; };
		FE8736D3143DDC7E002FDDE8 /* segments_charts@2x.png */ = {isa = PBXFileReference; lastKnownFileType = image.png; path = "segments_charts@2x.png"; sourceTree = "<group>"; };
		FE8736D4143DDC7E002FDDE8 /* segments_methods_active.png */ = {isa = PBXFileReference; lastKnownFileType = image.png; path = segments_methods_active.png; sourceTree = "<group>"; };
		FE8736D5143DDC7E002FDDE8 /* segments_methods_active@2x.png */ = {isa = PBXFileReference; lastKnownFileType = image.png; path = "segments_methods_active@2x.png"; sourceTree = "<group>"; };
		FE8736D6143DDC7E002FDDE8 /* segments_methods.png */ = {isa = PBXFileReference; lastKnownFileType = image.png; path = segments_methods.png; sourceTree = "<group>"; };
		FE8736D7143DDC7E002FDDE8 /* segments_methods@2x.png */ = {isa = PBXFileReference; lastKnownFileType = image.png; path = "segments_methods@2x.png"; sourceTree = "<group>"; };
		FE8736D8143DDC7E002FDDE8 /* segments_related_active.png */ = {isa = PBXFileReference; lastKnownFileType = image.png; path = segments_related_active.png; sourceTree = "<group>"; };
		FE8736D9143DDC7E002FDDE8 /* segments_related_active@2x.png */ = {isa = PBXFileReference; lastKnownFileType = image.png; path = "segments_related_active@2x.png"; sourceTree = "<group>"; };
		FE8736DA143DDC7E002FDDE8 /* segments_related.png */ = {isa = PBXFileReference; lastKnownFileType = image.png; path = segments_related.png; sourceTree = "<group>"; };
		FE8736DB143DDC7E002FDDE8 /* segments_related@2x.png */ = {isa = PBXFileReference; lastKnownFileType = image.png; path = "segments_related@2x.png"; sourceTree = "<group>"; };
		FE8736DC143DDC7E002FDDE8 /* segments_translations_active.png */ = {isa = PBXFileReference; lastKnownFileType = image.png; path = segments_translations_active.png; sourceTree = "<group>"; };
		FE8736DD143DDC7E002FDDE8 /* segments_translations_active@2x.png */ = {isa = PBXFileReference; lastKnownFileType = image.png; path = "segments_translations_active@2x.png"; sourceTree = "<group>"; };
		FE8736DE143DDC7E002FDDE8 /* segments_translations.png */ = {isa = PBXFileReference; lastKnownFileType = image.png; path = segments_translations.png; sourceTree = "<group>"; };
		FE8736DF143DDC7E002FDDE8 /* segments_translations@2x.png */ = {isa = PBXFileReference; lastKnownFileType = image.png; path = "segments_translations@2x.png"; sourceTree = "<group>"; };
		FE8736E0143DDC7E002FDDE8 /* tableview_cell_arrow_dark.png */ = {isa = PBXFileReference; lastKnownFileType = image.png; path = tableview_cell_arrow_dark.png; sourceTree = "<group>"; };
		FE8736E1143DDC7E002FDDE8 /* tableview_cell_arrow_dark@2x.png */ = {isa = PBXFileReference; lastKnownFileType = image.png; path = "tableview_cell_arrow_dark@2x.png"; sourceTree = "<group>"; };
		FE8736E2143DDC7E002FDDE8 /* translation_to_wordlist.png */ = {isa = PBXFileReference; lastKnownFileType = image.png; path = translation_to_wordlist.png; sourceTree = "<group>"; };
		FE8736E3143DDC7E002FDDE8 /* translation_to_wordlist@2x.png */ = {isa = PBXFileReference; lastKnownFileType = image.png; path = "translation_to_wordlist@2x.png"; sourceTree = "<group>"; };
		FE87370C143DDFA9002FDDE8 /* icon.png */ = {isa = PBXFileReference; lastKnownFileType = image.png; name = icon.png; path = ../icon.png; sourceTree = "<group>"; };
		FE87370E143DDFB8002FDDE8 /* icon@2x.png */ = {isa = PBXFileReference; lastKnownFileType = image.png; name = "icon@2x.png"; path = "../icon@2x.png"; sourceTree = "<group>"; };
		FE873711143DECCF002FDDE8 /* WordRelationsViewController.h */ = {isa = PBXFileReference; fileEncoding = 4; lastKnownFileType = sourcecode.c.h; path = WordRelationsViewController.h; sourceTree = "<group>"; };
		FE873712143DECCF002FDDE8 /* WordRelationsViewController.m */ = {isa = PBXFileReference; fileEncoding = 4; lastKnownFileType = sourcecode.c.objc; path = WordRelationsViewController.m; sourceTree = "<group>"; };
		FEA70AC414387F4F0025313C /* TestDelegater.h */ = {isa = PBXFileReference; fileEncoding = 4; lastKnownFileType = sourcecode.c.h; path = TestDelegater.h; sourceTree = "<group>"; };
		FEA70AC514387F4F0025313C /* TestDelegater.m */ = {isa = PBXFileReference; fileEncoding = 4; lastKnownFileType = sourcecode.c.objc; path = TestDelegater.m; sourceTree = "<group>"; };
		FEA70AC714387F6C0025313C /* XMLManager.h */ = {isa = PBXFileReference; fileEncoding = 4; lastKnownFileType = sourcecode.c.h; path = XMLManager.h; sourceTree = "<group>"; };
		FEA70AC814387F6C0025313C /* XMLManager.m */ = {isa = PBXFileReference; fileEncoding = 4; lastKnownFileType = sourcecode.c.objc; path = XMLManager.m; sourceTree = "<group>"; };
		FEA70ACA14387FC20025313C /* UserDelegater.h */ = {isa = PBXFileReference; fileEncoding = 4; lastKnownFileType = sourcecode.c.h; path = UserDelegater.h; sourceTree = "<group>"; };
		FEA70ACB14387FC20025313C /* UserDelegater.m */ = {isa = PBXFileReference; fileEncoding = 4; lastKnownFileType = sourcecode.c.objc; path = UserDelegater.m; sourceTree = "<group>"; };
		FEA70ACD14387FE40025313C /* FlowDelegater.h */ = {isa = PBXFileReference; fileEncoding = 4; lastKnownFileType = sourcecode.c.h; path = FlowDelegater.h; sourceTree = "<group>"; };
		FEA70ACE14387FE40025313C /* FlowDelegater.m */ = {isa = PBXFileReference; fileEncoding = 4; lastKnownFileType = sourcecode.c.objc; path = FlowDelegater.m; sourceTree = "<group>"; };
		FEABC54A143C8A2E005AB8C1 /* WordBooksViewController.h */ = {isa = PBXFileReference; fileEncoding = 4; lastKnownFileType = sourcecode.c.h; path = WordBooksViewController.h; sourceTree = "<group>"; };
		FEABC54B143C8A2E005AB8C1 /* WordBooksViewController.m */ = {isa = PBXFileReference; fileEncoding = 4; lastKnownFileType = sourcecode.c.objc; path = WordBooksViewController.m; sourceTree = "<group>"; };
		FEABC54D143C8A41005AB8C1 /* WordMemsViewController.h */ = {isa = PBXFileReference; fileEncoding = 4; lastKnownFileType = sourcecode.c.h; path = WordMemsViewController.h; sourceTree = "<group>"; };
		FEABC54E143C8A41005AB8C1 /* WordMemsViewController.m */ = {isa = PBXFileReference; fileEncoding = 4; lastKnownFileType = sourcecode.c.objc; path = WordMemsViewController.m; sourceTree = "<group>"; };
		FEABC550143C8A53005AB8C1 /* WordListsViewController.h */ = {isa = PBXFileReference; fileEncoding = 4; lastKnownFileType = sourcecode.c.h; path = WordListsViewController.h; sourceTree = "<group>"; };
		FEABC551143C8A53005AB8C1 /* WordListsViewController.m */ = {isa = PBXFileReference; fileEncoding = 4; lastKnownFileType = sourcecode.c.objc; path = WordListsViewController.m; sourceTree = "<group>"; };
		FEABC553143C8A62005AB8C1 /* WordStatisticsViewController.h */ = {isa = PBXFileReference; fileEncoding = 4; lastKnownFileType = sourcecode.c.h; path = WordStatisticsViewController.h; sourceTree = "<group>"; };
		FEABC554143C8A62005AB8C1 /* WordStatisticsViewController.m */ = {isa = PBXFileReference; fileEncoding = 4; lastKnownFileType = sourcecode.c.objc; path = WordStatisticsViewController.m; sourceTree = "<group>"; };
		FEB8ED24143B47420097E267 /* topbar_bg.png */ = {isa = PBXFileReference; lastKnownFileType = image.png; path = topbar_bg.png; sourceTree = "<group>"; };
		FEB8ED25143B47420097E267 /* topbar_bg@2x.png */ = {isa = PBXFileReference; lastKnownFileType = image.png; path = "topbar_bg@2x.png"; sourceTree = "<group>"; };
		FEB8ED28143B47C30097E267 /* bg_body.png */ = {isa = PBXFileReference; lastKnownFileType = image.png; path = bg_body.png; sourceTree = "<group>"; };
		FEB8ED29143B47C30097E267 /* bg_body@2x.png */ = {isa = PBXFileReference; lastKnownFileType = image.png; path = "bg_body@2x.png"; sourceTree = "<group>"; };
		FEB8ED2A143B47C30097E267 /* bg_deeper.png */ = {isa = PBXFileReference; lastKnownFileType = image.png; path = bg_deeper.png; sourceTree = "<group>"; };
		FEB8ED2B143B47C30097E267 /* bg_deeper@2x.png */ = {isa = PBXFileReference; lastKnownFileType = image.png; path = "bg_deeper@2x.png"; sourceTree = "<group>"; };
		FEBFBEFA1436DAF20028630E /* Wordsss.app */ = {isa = PBXFileReference; explicitFileType = wrapper.application; includeInIndex = 0; path = Wordsss.app; sourceTree = BUILT_PRODUCTS_DIR; };
		FEBFBEFE1436DAF20028630E /* UIKit.framework */ = {isa = PBXFileReference; lastKnownFileType = wrapper.framework; name = UIKit.framework; path = System/Library/Frameworks/UIKit.framework; sourceTree = SDKROOT; };
		FEBFBF001436DAF20028630E /* Foundation.framework */ = {isa = PBXFileReference; lastKnownFileType = wrapper.framework; name = Foundation.framework; path = System/Library/Frameworks/Foundation.framework; sourceTree = SDKROOT; };
		FEBFBF021436DAF20028630E /* CoreGraphics.framework */ = {isa = PBXFileReference; lastKnownFileType = wrapper.framework; name = CoreGraphics.framework; path = System/Library/Frameworks/CoreGraphics.framework; sourceTree = SDKROOT; };
		FEBFBF041436DAF20028630E /* CoreData.framework */ = {isa = PBXFileReference; lastKnownFileType = wrapper.framework; name = CoreData.framework; path = System/Library/Frameworks/CoreData.framework; sourceTree = SDKROOT; };
		FEBFBF081436DAF20028630E /* Wordsss-Info.plist */ = {isa = PBXFileReference; lastKnownFileType = text.plist.xml; path = "Wordsss-Info.plist"; sourceTree = "<group>"; };
		FEBFBF0A1436DAF20028630E /* en */ = {isa = PBXFileReference; lastKnownFileType = text.plist.strings; name = en; path = en.lproj/InfoPlist.strings; sourceTree = "<group>"; };
		FEBFBF0C1436DAF20028630E /* main.m */ = {isa = PBXFileReference; lastKnownFileType = sourcecode.c.objc; path = main.m; sourceTree = "<group>"; };
		FEBFBF0E1436DAF20028630E /* Wordsss-Prefix.pch */ = {isa = PBXFileReference; lastKnownFileType = sourcecode.c.h; path = "Wordsss-Prefix.pch"; sourceTree = "<group>"; };
		FEBFBF0F1436DAF20028630E /* WordsssAppDelegate.h */ = {isa = PBXFileReference; lastKnownFileType = sourcecode.c.h; path = WordsssAppDelegate.h; sourceTree = "<group>"; };
		FEBFBF101436DAF20028630E /* WordsssAppDelegate.m */ = {isa = PBXFileReference; lastKnownFileType = sourcecode.c.objc; path = WordsssAppDelegate.m; sourceTree = "<group>"; };
		FEBFBF131436DAF20028630E /* Wordsss.xcdatamodel */ = {isa = PBXFileReference; lastKnownFileType = wrapper.xcdatamodel; path = Wordsss.xcdatamodel; sourceTree = "<group>"; };
		FEBFBF1A1436DAF20028630E /* WordsssTests.octest */ = {isa = PBXFileReference; explicitFileType = wrapper.cfbundle; includeInIndex = 0; path = WordsssTests.octest; sourceTree = BUILT_PRODUCTS_DIR; };
		FEBFBF1B1436DAF20028630E /* SenTestingKit.framework */ = {isa = PBXFileReference; lastKnownFileType = wrapper.framework; name = SenTestingKit.framework; path = Library/Frameworks/SenTestingKit.framework; sourceTree = DEVELOPER_DIR; };
		FEBFBF251436DAF20028630E /* WordsssTests-Info.plist */ = {isa = PBXFileReference; lastKnownFileType = text.plist.xml; path = "WordsssTests-Info.plist"; sourceTree = "<group>"; };
		FEBFBF271436DAF20028630E /* en */ = {isa = PBXFileReference; lastKnownFileType = text.plist.strings; name = en; path = en.lproj/InfoPlist.strings; sourceTree = "<group>"; };
		FEBFBF291436DAF20028630E /* WordsssTests.h */ = {isa = PBXFileReference; lastKnownFileType = sourcecode.c.h; path = WordsssTests.h; sourceTree = "<group>"; };
		FEBFBF2B1436DAF20028630E /* WordsssTests.m */ = {isa = PBXFileReference; lastKnownFileType = sourcecode.c.objc; path = WordsssTests.m; sourceTree = "<group>"; };
		FEE053DE14379ADC0068CDEC /* Default@2x.png */ = {isa = PBXFileReference; lastKnownFileType = image.png; name = "Default@2x.png"; path = "../Default@2x.png"; sourceTree = "<group>"; };
		FEE37B7514370C0700A0E6AC /* ProfileViewController.h */ = {isa = PBXFileReference; fileEncoding = 4; lastKnownFileType = sourcecode.c.h; path = ProfileViewController.h; sourceTree = "<group>"; };
		FEE37B7614370C0700A0E6AC /* ProfileViewController.m */ = {isa = PBXFileReference; fileEncoding = 4; lastKnownFileType = sourcecode.c.objc; path = ProfileViewController.m; sourceTree = "<group>"; };
		FEE37BB514370F7600A0E6AC /* TestViewController.h */ = {isa = PBXFileReference; fileEncoding = 4; lastKnownFileType = sourcecode.c.h; path = TestViewController.h; sourceTree = "<group>"; };
		FEE37BB614370F7600A0E6AC /* TestViewController.m */ = {isa = PBXFileReference; fileEncoding = 4; lastKnownFileType = sourcecode.c.objc; path = TestViewController.m; sourceTree = "<group>"; };
		FEEE31171439CB1B001F7E90 /* SettingViewController.h */ = {isa = PBXFileReference; fileEncoding = 4; lastKnownFileType = sourcecode.c.h; path = SettingViewController.h; sourceTree = "<group>"; };
		FEEE31181439CB1B001F7E90 /* SettingViewController.m */ = {isa = PBXFileReference; fileEncoding = 4; lastKnownFileType = sourcecode.c.objc; path = SettingViewController.m; sourceTree = "<group>"; };
		FEEE311D1439CB85001F7E90 /* ExploreViewController.h */ = {isa = PBXFileReference; fileEncoding = 4; lastKnownFileType = sourcecode.c.h; path = ExploreViewController.h; sourceTree = "<group>"; };
		FEEE311E1439CB85001F7E90 /* ExploreViewController.m */ = {isa = PBXFileReference; fileEncoding = 4; lastKnownFileType = sourcecode.c.objc; path = ExploreViewController.m; sourceTree = "<group>"; };
		FEEE31A91439DFC2001F7E90 /* Default.png */ = {isa = PBXFileReference; lastKnownFileType = image.png; name = Default.png; path = ../Default.png; sourceTree = "<group>"; };
		FEEE52B8143AF2AD00187CD6 /* tab_bar_bg.png */ = {isa = PBXFileReference; lastKnownFileType = image.png; path = tab_bar_bg.png; sourceTree = "<group>"; };
		FEEE52B9143AF2AD00187CD6 /* tab_bar_bg@2x.png */ = {isa = PBXFileReference; lastKnownFileType = image.png; path = "tab_bar_bg@2x.png"; sourceTree = "<group>"; };
/* End PBXFileReference section */

/* Begin PBXFrameworksBuildPhase section */
		FEBFBEF71436DAF20028630E /* Frameworks */ = {
			isa = PBXFrameworksBuildPhase;
			buildActionMask = 2147483647;
			files = (
				FEBFBEFF1436DAF20028630E /* UIKit.framework in Frameworks */,
				FEBFBF011436DAF20028630E /* Foundation.framework in Frameworks */,
				FEBFBF031436DAF20028630E /* CoreGraphics.framework in Frameworks */,
				FEBFBF051436DAF20028630E /* CoreData.framework in Frameworks */,
			);
			runOnlyForDeploymentPostprocessing = 0;
		};
		FEBFBF161436DAF20028630E /* Frameworks */ = {
			isa = PBXFrameworksBuildPhase;
			buildActionMask = 2147483647;
			files = (
				FEBFBF1C1436DAF20028630E /* SenTestingKit.framework in Frameworks */,
				FEBFBF1D1436DAF20028630E /* UIKit.framework in Frameworks */,
				FEBFBF1E1436DAF20028630E /* Foundation.framework in Frameworks */,
				FEBFBF1F1436DAF20028630E /* CoreGraphics.framework in Frameworks */,
				FEBFBF201436DAF20028630E /* CoreData.framework in Frameworks */,
			);
			runOnlyForDeploymentPostprocessing = 0;
		};
/* End PBXFrameworksBuildPhase section */

/* Begin PBXGroup section */
		FE17D587143AFCA90067E780 /* RKTabBar */ = {
			isa = PBXGroup;
			children = (
				FEEE52B8143AF2AD00187CD6 /* tab_bar_bg.png */,
				FEEE52B9143AF2AD00187CD6 /* tab_bar_bg@2x.png */,
				FE2E833F143B2899004A2C56 /* profile_active.png */,
				FE2E8340143B2899004A2C56 /* profile_active@2x.png */,
				FE2E8341143B2899004A2C56 /* profile.png */,
				FE2E8342143B2899004A2C56 /* profile@2x.png */,
				FE2E8343143B2899004A2C56 /* search_active.png */,
				FE2E8344143B289A004A2C56 /* search_active@2x.png */,
				FE2E8345143B289A004A2C56 /* search.png */,
				FE2E8346143B289A004A2C56 /* search@2x.png */,
				FE17D589143B02110067E780 /* tab_wordtoday.png */,
				FE17D58A143B02110067E780 /* tab_wordtoday@2x.png */,
				FE2E834B143B289A004A2C56 /* wordlist_active.png */,
				FE2E834C143B289A004A2C56 /* wordlist_active@2x.png */,
				FE2E834D143B289A004A2C56 /* wordlist.png */,
				FE2E834E143B289A004A2C56 /* wordlist@2x.png */,
				FE2E8347143B289A004A2C56 /* settings_active.png */,
				FE2E8348143B289A004A2C56 /* settings_active@2x.png */,
				FE2E8349143B289A004A2C56 /* settings.png */,
				FE2E834A143B289A004A2C56 /* settings@2x.png */,
			);
			name = RKTabBar;
			sourceTree = "<group>";
		};
		FE2720941436DCA100CC45FC /* DataModel */ = {
			isa = PBXGroup;
			children = (
				FEBFBF121436DAF20028630E /* Wordsss.xcdatamodeld */,
				FE523EB1143C6EEE00B2F4FF /* Word.h */,
				FE523EB2143C6EEE00B2F4FF /* Word.m */,
			);
			name = DataModel;
			sourceTree = "<group>";
		};
		FE3FF9AC14384DF400687C80 /* XMLManager */ = {
			isa = PBXGroup;
			children = (
				FEA70AC714387F6C0025313C /* XMLManager.h */,
				FEA70AC814387F6C0025313C /* XMLManager.m */,
			);
			name = XMLManager;
			sourceTree = "<group>";
		};
		FE3FF9AD14384E1500687C80 /* DataManager */ = {
			isa = PBXGroup;
			children = (
				FE6C8DB314385A2F00DC9784 /* UserDataManager.h */,
				FE6C8DB414385A2F00DC9784 /* UserDataManager.m */,
			);
			name = DataManager;
			sourceTree = "<group>";
		};
		FE6C8DBF14385AD900DC9784 /* 5 Main */ = {
			isa = PBXGroup;
			children = (
				FEEE31201439CB92001F7E90 /* Legacy */,
				FEE37B7514370C0700A0E6AC /* ProfileViewController.h */,
				FEE37B7614370C0700A0E6AC /* ProfileViewController.m */,
				FEEE311D1439CB85001F7E90 /* ExploreViewController.h */,
				FEEE311E1439CB85001F7E90 /* ExploreViewController.m */,
				FE6C8DB614385AAD00DC9784 /* TodayViewController.h */,
				FE6C8DB714385AAD00DC9784 /* TodayViewController.m */,
				FE6C8DBC14385ACE00DC9784 /* ListsViewController.h */,
				FE6C8DBD14385ACE00DC9784 /* ListsViewController.m */,
				FEEE31171439CB1B001F7E90 /* SettingViewController.h */,
				FEEE31181439CB1B001F7E90 /* SettingViewController.m */,
			);
			name = "5 Main";
			sourceTree = "<group>";
		};
		FE8736BF143DDC53002FDDE8 /* WordView */ = {
			isa = PBXGroup;
			children = (
				FE8736C0143DDC7E002FDDE8 /* button_back.png */,
				FE8736C1143DDC7E002FDDE8 /* button_back@2x.png */,
				FE8736C2143DDC7E002FDDE8 /* info_cet4.png */,
				FE8736C3143DDC7E002FDDE8 /* info_cet4@2x.png */,
				FE8736C4143DDC7E002FDDE8 /* info_cet6.png */,
				FE8736C5143DDC7E002FDDE8 /* info_cet6@2x.png */,
				FE8736C6143DDC7E002FDDE8 /* info_gre.png */,
				FE8736C7143DDC7E002FDDE8 /* info_gre@2x.png */,
				FE8736C8143DDC7E002FDDE8 /* info_ielts.png */,
				FE8736C9143DDC7E002FDDE8 /* info_ielts@2x.png */,
				FE8736CA143DDC7E002FDDE8 /* info_netm.png */,
				FE8736CB143DDC7E002FDDE8 /* info_netm@2x.png */,
				FE8736CC143DDC7E002FDDE8 /* info_tofel.png */,
				FE8736CD143DDC7E002FDDE8 /* info_tofel@2x.png */,
				FE8736CE143DDC7E002FDDE8 /* level_0.png */,
				FE8736CF143DDC7E002FDDE8 /* level_0@2x.png */,
				FE8736D0143DDC7E002FDDE8 /* segments_charts_active.png */,
				FE8736D1143DDC7E002FDDE8 /* segments_charts_active@2x.png */,
				FE8736D2143DDC7E002FDDE8 /* segments_charts.png */,
				FE8736D3143DDC7E002FDDE8 /* segments_charts@2x.png */,
				FE8736D4143DDC7E002FDDE8 /* segments_methods_active.png */,
				FE8736D5143DDC7E002FDDE8 /* segments_methods_active@2x.png */,
				FE8736D6143DDC7E002FDDE8 /* segments_methods.png */,
				FE8736D7143DDC7E002FDDE8 /* segments_methods@2x.png */,
				FE8736D8143DDC7E002FDDE8 /* segments_related_active.png */,
				FE8736D9143DDC7E002FDDE8 /* segments_related_active@2x.png */,
				FE8736DA143DDC7E002FDDE8 /* segments_related.png */,
				FE8736DB143DDC7E002FDDE8 /* segments_related@2x.png */,
				FE8736DC143DDC7E002FDDE8 /* segments_translations_active.png */,
				FE8736DD143DDC7E002FDDE8 /* segments_translations_active@2x.png */,
				FE8736DE143DDC7E002FDDE8 /* segments_translations.png */,
				FE8736DF143DDC7E002FDDE8 /* segments_translations@2x.png */,
				FE8736E0143DDC7E002FDDE8 /* tableview_cell_arrow_dark.png */,
				FE8736E1143DDC7E002FDDE8 /* tableview_cell_arrow_dark@2x.png */,
				FE8736E2143DDC7E002FDDE8 /* translation_to_wordlist.png */,
				FE8736E3143DDC7E002FDDE8 /* translation_to_wordlist@2x.png */,
			);
			name = WordView;
			sourceTree = "<group>";
		};
		FE873710143DEC21002FDDE8 /* Legacy */ = {
			isa = PBXGroup;
			children = (
				FEABC550143C8A53005AB8C1 /* WordListsViewController.h */,
				FEABC551143C8A53005AB8C1 /* WordListsViewController.m */,
			);
			name = Legacy;
			sourceTree = "<group>";
		};
		FEA70AC214387D0E0025313C /* ActorDelegater */ = {
			isa = PBXGroup;
			children = (
				FEA70AC414387F4F0025313C /* TestDelegater.h */,
				FEA70AC514387F4F0025313C /* TestDelegater.m */,
				FEA70ACA14387FC20025313C /* UserDelegater.h */,
				FEA70ACB14387FC20025313C /* UserDelegater.m */,
				FEA70ACD14387FE40025313C /* FlowDelegater.h */,
				FEA70ACE14387FE40025313C /* FlowDelegater.m */,
			);
			name = ActorDelegater;
			sourceTree = "<group>";
		};
		FEABC549143C88D6005AB8C1 /* Word Scene */ = {
			isa = PBXGroup;
			children = (
				FE873710143DEC21002FDDE8 /* Legacy */,
				FE2E835F143B2FAC004A2C56 /* WordViewController.h */,
				FE2E8360143B2FAC004A2C56 /* WordViewController.m */,
				FEABC54A143C8A2E005AB8C1 /* WordBooksViewController.h */,
				FEABC54B143C8A2E005AB8C1 /* WordBooksViewController.m */,
				FE21B00A143D75FA0033B3E8 /* WordBooksTableViewCell.h */,
				FE21B00B143D75FA0033B3E8 /* WordBooksTableViewCell.m */,
				FE873711143DECCF002FDDE8 /* WordRelationsViewController.h */,
				FE873712143DECCF002FDDE8 /* WordRelationsViewController.m */,
				FEABC54D143C8A41005AB8C1 /* WordMemsViewController.h */,
				FEABC54E143C8A41005AB8C1 /* WordMemsViewController.m */,
				FEABC553143C8A62005AB8C1 /* WordStatisticsViewController.h */,
				FEABC554143C8A62005AB8C1 /* WordStatisticsViewController.m */,
			);
			name = "Word Scene";
			sourceTree = "<group>";
		};
		FEB8ED23143B47200097E267 /* RKNavigation */ = {
			isa = PBXGroup;
			children = (
				FEB8ED24143B47420097E267 /* topbar_bg.png */,
				FEB8ED25143B47420097E267 /* topbar_bg@2x.png */,
			);
			name = RKNavigation;
			sourceTree = "<group>";
		};
		FEBFBEEF1436DAF20028630E = {
			isa = PBXGroup;
			children = (
				FEBFBF061436DAF20028630E /* Wordsss */,
				FEBFBF231436DAF20028630E /* WordsssTests */,
				FEBFBEFD1436DAF20028630E /* Frameworks */,
				FEBFBEFB1436DAF20028630E /* Products */,
			);
			sourceTree = "<group>";
		};
		FEBFBEFB1436DAF20028630E /* Products */ = {
			isa = PBXGroup;
			children = (
				FEBFBEFA1436DAF20028630E /* Wordsss.app */,
				FEBFBF1A1436DAF20028630E /* WordsssTests.octest */,
			);
			name = Products;
			sourceTree = "<group>";
		};
		FEBFBEFD1436DAF20028630E /* Frameworks */ = {
			isa = PBXGroup;
			children = (
				FEBFBEFE1436DAF20028630E /* UIKit.framework */,
				FEBFBF001436DAF20028630E /* Foundation.framework */,
				FEBFBF021436DAF20028630E /* CoreGraphics.framework */,
				FEBFBF041436DAF20028630E /* CoreData.framework */,
				FEBFBF1B1436DAF20028630E /* SenTestingKit.framework */,
			);
			name = Frameworks;
			sourceTree = "<group>";
		};
		FEBFBF061436DAF20028630E /* Wordsss */ = {
			isa = PBXGroup;
			children = (
				FEBFBF0F1436DAF20028630E /* WordsssAppDelegate.h */,
				FEBFBF101436DAF20028630E /* WordsssAppDelegate.m */,
				FEE37BB814370F7F00A0E6AC /* Scene */,
				FEA70AC214387D0E0025313C /* ActorDelegater */,
				FE3FF9AD14384E1500687C80 /* DataManager */,
				FE2720941436DCA100CC45FC /* DataModel */,
				FE3FF9AC14384DF400687C80 /* XMLManager */,
				FEE053D2143798490068CDEC /* Resources */,
				FEBFBF071436DAF20028630E /* Supporting Files */,
			);
			path = Wordsss;
			sourceTree = "<group>";
		};
		FEBFBF071436DAF20028630E /* Supporting Files */ = {
			isa = PBXGroup;
			children = (
				FEBFBF081436DAF20028630E /* Wordsss-Info.plist */,
				FEBFBF091436DAF20028630E /* InfoPlist.strings */,
				FEBFBF0C1436DAF20028630E /* main.m */,
				FEBFBF0E1436DAF20028630E /* Wordsss-Prefix.pch */,
			);
			name = "Supporting Files";
			sourceTree = "<group>";
		};
		FEBFBF231436DAF20028630E /* WordsssTests */ = {
			isa = PBXGroup;
			children = (
				FEBFBF291436DAF20028630E /* WordsssTests.h */,
				FEBFBF2B1436DAF20028630E /* WordsssTests.m */,
				FEBFBF241436DAF20028630E /* Supporting Files */,
			);
			path = WordsssTests;
			sourceTree = "<group>";
		};
		FEBFBF241436DAF20028630E /* Supporting Files */ = {
			isa = PBXGroup;
			children = (
				FEBFBF251436DAF20028630E /* WordsssTests-Info.plist */,
				FEBFBF261436DAF20028630E /* InfoPlist.strings */,
			);
			name = "Supporting Files";
			sourceTree = "<group>";
		};
		FEE053D2143798490068CDEC /* Resources */ = {
			isa = PBXGroup;
			children = (
				FE87370C143DDFA9002FDDE8 /* icon.png */,
				FE87370E143DDFB8002FDDE8 /* icon@2x.png */,
				FEEE31A91439DFC2001F7E90 /* Default.png */,
				FEE053DE14379ADC0068CDEC /* Default@2x.png */,
				FE17D587143AFCA90067E780 /* RKTabBar */,
				FEB8ED23143B47200097E267 /* RKNavigation */,
				FEEE31251439D39C001F7E90 /* ProfileView */,
				FEEE31A41439DF61001F7E90 /* TodayView */,
				FE8736BF143DDC53002FDDE8 /* WordView */,
			);
			name = Resources;
			sourceTree = "<group>";
		};
		FEE37BB814370F7F00A0E6AC /* Scene */ = {
			isa = PBXGroup;
			children = (
				FE7743A51439F9E900BCAA7E /* MainStoryboard.storyboard */,
				FE772DBB143D9CC9004DDA0D /* UIDashBoard.xib */,
				FE060C5D143CD7040026228C /* RKTabBarController.h */,
				FE060C5B143CD7040026228C /* RKTabBarController.m */,
				FE060C5C143CD7040026228C /* RKTabBarController.xib */,
				FE060C62143CD78A0026228C /* RKNavigationController.h */,
				FE060C60143CD78A0026228C /* RkNavigationController.m */,
				FE060C61143CD78A0026228C /* RKNavigationController.xib */,
				FE5C963D143DD18E00E38250 /* RKNavigationControllerDelegate.h */,
				FE6C8DBF14385AD900DC9784 /* 5 Main */,
				FEABC549143C88D6005AB8C1 /* Word Scene */,
			);
			name = Scene;
			sourceTree = "<group>";
		};
		FEEE31201439CB92001F7E90 /* Legacy */ = {
			isa = PBXGroup;
			children = (
				FE6C8DB914385AC400DC9784 /* BooksViewController.h */,
				FE6C8DBA14385AC400DC9784 /* BooksViewController.m */,
				FEE37BB514370F7600A0E6AC /* TestViewController.h */,
				FEE37BB614370F7600A0E6AC /* TestViewController.m */,
			);
			name = Legacy;
			sourceTree = "<group>";
		};
		FEEE31251439D39C001F7E90 /* ProfileView */ = {
			isa = PBXGroup;
			children = (
				FE873642143DDBFD002FDDE8 /* basicinfo_bg.png */,
				FE873643143DDBFD002FDDE8 /* basicinfo_bg@2x.png */,
				FE873644143DDBFD002FDDE8 /* cet4.png */,
				FE873645143DDBFD002FDDE8 /* cet4@2x.png */,
				FE873646143DDBFD002FDDE8 /* cet6.png */,
				FE873647143DDBFD002FDDE8 /* cet6@2x.png */,
				FE873648143DDBFD002FDDE8 /* chart_bg.png */,
				FE873649143DDBFD002FDDE8 /* chart_bg@2x.png */,
				FE87364A143DDBFD002FDDE8 /* chart_popover_bg.png */,
				FE87364B143DDBFD002FDDE8 /* chart_popover_bg@2x.png */,
				FE87364C143DDBFD002FDDE8 /* gre.png */,
				FE87364D143DDBFD002FDDE8 /* gre@2x.png */,
				FE87364E143DDBFD002FDDE8 /* ielts.png */,
				FE87364F143DDBFD002FDDE8 /* ielts@2x.png */,
				FE873650143DDBFD002FDDE8 /* info_blue.png */,
				FE873651143DDBFD002FDDE8 /* info_blue@2x.png */,
				FE873652143DDBFD002FDDE8 /* netm.png */,
				FE873653143DDBFD002FDDE8 /* netm@2x.png */,
				FE873654143DDBFD002FDDE8 /* process_0.png */,
				FE873655143DDBFD002FDDE8 /* process_0@2x.png */,
				FE873656143DDBFD002FDDE8 /* process_100.png */,
				FE873657143DDBFD002FDDE8 /* process_100@2x.png */,
				FE873658143DDBFD002FDDE8 /* process_17.png */,
				FE873659143DDBFD002FDDE8 /* process_17@2x.png */,
				FE87365A143DDBFD002FDDE8 /* process_25.png */,
				FE87365B143DDBFD002FDDE8 /* process_25@2x.png */,
				FE87365C143DDBFD002FDDE8 /* process_34.png */,
				FE87365D143DDBFD002FDDE8 /* process_34@2x.png */,
				FE87365E143DDBFD002FDDE8 /* process_42.png */,
				FE87365F143DDBFD002FDDE8 /* process_42@2x.png */,
				FE873660143DDBFD002FDDE8 /* process_50.png */,
				FE873661143DDBFD002FDDE8 /* process_50@2x.png */,
				FE873662143DDBFD002FDDE8 /* process_60.png */,
				FE873663143DDBFD002FDDE8 /* process_60@2x.png */,
				FE873664143DDBFD002FDDE8 /* process_68.png */,
				FE873665143DDBFD002FDDE8 /* process_68@2x.png */,
				FE873666143DDBFD002FDDE8 /* process_76.png */,
				FE873667143DDBFD002FDDE8 /* process_76@2x.png */,
				FE873668143DDBFD002FDDE8 /* process_8.png */,
				FE873669143DDBFD002FDDE8 /* process_84.png */,
				FE87366A143DDBFD002FDDE8 /* process_84@2x.png */,
				FE87366B143DDBFD002FDDE8 /* process_8@2x.png */,
				FE87366C143DDBFD002FDDE8 /* process_92.png */,
				FE87366D143DDBFD002FDDE8 /* process_92@2x.png */,
				FE87366E143DDBFD002FDDE8 /* tableview_cell_divider.png */,
				FE87366F143DDBFD002FDDE8 /* tableview_cell_divider@2x.png */,
				FE873670143DDBFD002FDDE8 /* tableview_section_head_bg.png */,
				FE873671143DDBFD002FDDE8 /* tableview_section_head_bg@2x.png */,
				FE873672143DDBFD002FDDE8 /* tofel.png */,
				FE873673143DDBFD002FDDE8 /* tofel@2x.png */,
			);
			name = ProfileView;
			sourceTree = "<group>";
		};
		FEEE31A41439DF61001F7E90 /* TodayView */ = {
			isa = PBXGroup;
			children = (
				FE8736A7143DDC3E002FDDE8 /* button_info.png */,
				FE8736A8143DDC3E002FDDE8 /* button_info@2x.png */,
				FE8736A9143DDC3E002FDDE8 /* next_word_bg.png */,
				FE8736AA143DDC3E002FDDE8 /* next_word_bg@2x.png */,
				FE8736AB143DDC3E002FDDE8 /* pre_word_translation_bg.png */,
				FE8736AC143DDC3E002FDDE8 /* pre_word_translation_bg@2x.png */,
				FE8736AD143DDC3E002FDDE8 /* title_small.png */,
				FE8736AE143DDC3E002FDDE8 /* title_small@2x.png */,
				FE8736AF143DDC3E002FDDE8 /* word_bg.png */,
				FE8736B0143DDC3E002FDDE8 /* word_bg@2x.png */,
				FE8736B1143DDC3E002FDDE8 /* word_slider.png */,
				FE8736B2143DDC3E002FDDE8 /* word_slider@2x.png */,
				FEB8ED28143B47C30097E267 /* bg_body.png */,
				FEB8ED29143B47C30097E267 /* bg_body@2x.png */,
				FEB8ED2A143B47C30097E267 /* bg_deeper.png */,
				FEB8ED2B143B47C30097E267 /* bg_deeper@2x.png */,
			);
			name = TodayView;
			sourceTree = "<group>";
		};
/* End PBXGroup section */

/* Begin PBXNativeTarget section */
		FEBFBEF91436DAF20028630E /* Wordsss */ = {
			isa = PBXNativeTarget;
			buildConfigurationList = FEBFBF2F1436DAF20028630E /* Build configuration list for PBXNativeTarget "Wordsss" */;
			buildPhases = (
				FEBFBEF61436DAF20028630E /* Sources */,
				FEBFBEF71436DAF20028630E /* Frameworks */,
				FEBFBEF81436DAF20028630E /* Resources */,
			);
			buildRules = (
			);
			dependencies = (
			);
			name = Wordsss;
			productName = Wordsss;
			productReference = FEBFBEFA1436DAF20028630E /* Wordsss.app */;
			productType = "com.apple.product-type.application";
		};
		FEBFBF191436DAF20028630E /* WordsssTests */ = {
			isa = PBXNativeTarget;
			buildConfigurationList = FEBFBF321436DAF20028630E /* Build configuration list for PBXNativeTarget "WordsssTests" */;
			buildPhases = (
				FEBFBF151436DAF20028630E /* Sources */,
				FEBFBF161436DAF20028630E /* Frameworks */,
				FEBFBF171436DAF20028630E /* Resources */,
				FEBFBF181436DAF20028630E /* ShellScript */,
			);
			buildRules = (
			);
			dependencies = (
				FEBFBF221436DAF20028630E /* PBXTargetDependency */,
			);
			name = WordsssTests;
			productName = WordsssTests;
			productReference = FEBFBF1A1436DAF20028630E /* WordsssTests.octest */;
			productType = "com.apple.product-type.bundle";
		};
/* End PBXNativeTarget section */

/* Begin PBXProject section */
		FEBFBEF11436DAF20028630E /* Project object */ = {
			isa = PBXProject;
			attributes = {
				LastUpgradeCheck = 0420;
				ORGANIZATIONNAME = "Ren Inc.";
			};
			buildConfigurationList = FEBFBEF41436DAF20028630E /* Build configuration list for PBXProject "Wordsss" */;
			compatibilityVersion = "Xcode 3.2";
			developmentRegion = English;
			hasScannedForEncodings = 0;
			knownRegions = (
				en,
			);
			mainGroup = FEBFBEEF1436DAF20028630E;
			productRefGroup = FEBFBEFB1436DAF20028630E /* Products */;
			projectDirPath = "";
			projectRoot = "";
			targets = (
				FEBFBEF91436DAF20028630E /* Wordsss */,
				FEBFBF191436DAF20028630E /* WordsssTests */,
			);
		};
/* End PBXProject section */

/* Begin PBXResourcesBuildPhase section */
		FEBFBEF81436DAF20028630E /* Resources */ = {
			isa = PBXResourcesBuildPhase;
			buildActionMask = 2147483647;
			files = (
				FEBFBF0B1436DAF20028630E /* InfoPlist.strings in Resources */,
				FEE053DF14379ADC0068CDEC /* Default@2x.png in Resources */,
				FEEE31AA1439DFC2001F7E90 /* Default.png in Resources */,
				FE7743A61439F9E900BCAA7E /* MainStoryboard.storyboard in Resources */,
				FEEE52BA143AF2AD00187CD6 /* tab_bar_bg.png in Resources */,
				FEEE52BB143AF2AD00187CD6 /* tab_bar_bg@2x.png in Resources */,
				FE17D58B143B02110067E780 /* tab_wordtoday.png in Resources */,
				FE17D58C143B02110067E780 /* tab_wordtoday@2x.png in Resources */,
				FE2E834F143B289A004A2C56 /* profile_active.png in Resources */,
				FE2E8350143B289A004A2C56 /* profile_active@2x.png in Resources */,
				FE2E8351143B289A004A2C56 /* profile.png in Resources */,
				FE2E8352143B289A004A2C56 /* profile@2x.png in Resources */,
				FE2E8353143B289A004A2C56 /* search_active.png in Resources */,
				FE2E8354143B289A004A2C56 /* search_active@2x.png in Resources */,
				FE2E8355143B289A004A2C56 /* search.png in Resources */,
				FE2E8356143B289A004A2C56 /* search@2x.png in Resources */,
				FE2E8357143B289A004A2C56 /* settings_active.png in Resources */,
				FE2E8358143B289A004A2C56 /* settings_active@2x.png in Resources */,
				FE2E8359143B289A004A2C56 /* settings.png in Resources */,
				FE2E835A143B289A004A2C56 /* settings@2x.png in Resources */,
				FE2E835B143B289A004A2C56 /* wordlist_active.png in Resources */,
				FE2E835C143B289A004A2C56 /* wordlist_active@2x.png in Resources */,
				FE2E835D143B289A004A2C56 /* wordlist.png in Resources */,
				FE2E835E143B289A004A2C56 /* wordlist@2x.png in Resources */,
				FEB8ED26143B47420097E267 /* topbar_bg.png in Resources */,
				FEB8ED27143B47420097E267 /* topbar_bg@2x.png in Resources */,
				FEB8ED2C143B47C30097E267 /* bg_body.png in Resources */,
				FEB8ED2D143B47C30097E267 /* bg_body@2x.png in Resources */,
				FEB8ED2E143B47C30097E267 /* bg_deeper.png in Resources */,
				FEB8ED2F143B47C30097E267 /* bg_deeper@2x.png in Resources */,
				FE060C5F143CD7040026228C /* RKTabBarController.xib in Resources */,
				FE060C64143CD78A0026228C /* RKNavigationController.xib in Resources */,
				FE772DBC143D9CC9004DDA0D /* UIDashBoard.xib in Resources */,
				FE873674143DDBFD002FDDE8 /* basicinfo_bg.png in Resources */,
				FE873675143DDBFD002FDDE8 /* basicinfo_bg@2x.png in Resources */,
				FE873676143DDBFD002FDDE8 /* cet4.png in Resources */,
				FE873677143DDBFD002FDDE8 /* cet4@2x.png in Resources */,
				FE873678143DDBFD002FDDE8 /* cet6.png in Resources */,
				FE873679143DDBFD002FDDE8 /* cet6@2x.png in Resources */,
				FE87367A143DDBFD002FDDE8 /* chart_bg.png in Resources */,
				FE87367B143DDBFD002FDDE8 /* chart_bg@2x.png in Resources */,
				FE87367C143DDBFD002FDDE8 /* chart_popover_bg.png in Resources */,
				FE87367D143DDBFD002FDDE8 /* chart_popover_bg@2x.png in Resources */,
				FE87367E143DDBFD002FDDE8 /* gre.png in Resources */,
				FE87367F143DDBFD002FDDE8 /* gre@2x.png in Resources */,
				FE873680143DDBFD002FDDE8 /* ielts.png in Resources */,
				FE873681143DDBFD002FDDE8 /* ielts@2x.png in Resources */,
				FE873682143DDBFD002FDDE8 /* info_blue.png in Resources */,
				FE873683143DDBFD002FDDE8 /* info_blue@2x.png in Resources */,
				FE873684143DDBFD002FDDE8 /* netm.png in Resources */,
				FE873685143DDBFD002FDDE8 /* netm@2x.png in Resources */,
				FE873686143DDBFD002FDDE8 /* process_0.png in Resources */,
				FE873687143DDBFD002FDDE8 /* process_0@2x.png in Resources */,
				FE873688143DDBFD002FDDE8 /* process_100.png in Resources */,
				FE873689143DDBFD002FDDE8 /* process_100@2x.png in Resources */,
				FE87368A143DDBFD002FDDE8 /* process_17.png in Resources */,
				FE87368B143DDBFD002FDDE8 /* process_17@2x.png in Resources */,
				FE87368C143DDBFD002FDDE8 /* process_25.png in Resources */,
				FE87368D143DDBFD002FDDE8 /* process_25@2x.png in Resources */,
				FE87368E143DDBFD002FDDE8 /* process_34.png in Resources */,
				FE87368F143DDBFD002FDDE8 /* process_34@2x.png in Resources */,
				FE873690143DDBFD002FDDE8 /* process_42.png in Resources */,
				FE873691143DDBFD002FDDE8 /* process_42@2x.png in Resources */,
				FE873692143DDBFD002FDDE8 /* process_50.png in Resources */,
				FE873693143DDBFD002FDDE8 /* process_50@2x.png in Resources */,
				FE873694143DDBFD002FDDE8 /* process_60.png in Resources */,
				FE873695143DDBFD002FDDE8 /* process_60@2x.png in Resources */,
				FE873696143DDBFD002FDDE8 /* process_68.png in Resources */,
				FE873697143DDBFD002FDDE8 /* process_68@2x.png in Resources */,
				FE873698143DDBFD002FDDE8 /* process_76.png in Resources */,
				FE873699143DDBFD002FDDE8 /* process_76@2x.png in Resources */,
				FE87369A143DDBFD002FDDE8 /* process_8.png in Resources */,
				FE87369B143DDBFD002FDDE8 /* process_84.png in Resources */,
				FE87369C143DDBFD002FDDE8 /* process_84@2x.png in Resources */,
				FE87369D143DDBFD002FDDE8 /* process_8@2x.png in Resources */,
				FE87369E143DDBFD002FDDE8 /* process_92.png in Resources */,
				FE87369F143DDBFD002FDDE8 /* process_92@2x.png in Resources */,
				FE8736A0143DDBFD002FDDE8 /* tableview_cell_divider.png in Resources */,
				FE8736A1143DDBFD002FDDE8 /* tableview_cell_divider@2x.png in Resources */,
				FE8736A2143DDBFD002FDDE8 /* tableview_section_head_bg.png in Resources */,
				FE8736A3143DDBFD002FDDE8 /* tableview_section_head_bg@2x.png in Resources */,
				FE8736A4143DDBFD002FDDE8 /* tofel.png in Resources */,
				FE8736A5143DDBFD002FDDE8 /* tofel@2x.png in Resources */,
				FE8736B3143DDC3E002FDDE8 /* button_info.png in Resources */,
				FE8736B4143DDC3E002FDDE8 /* button_info@2x.png in Resources */,
				FE8736B5143DDC3E002FDDE8 /* next_word_bg.png in Resources */,
				FE8736B6143DDC3E002FDDE8 /* next_word_bg@2x.png in Resources */,
				FE8736B7143DDC3E002FDDE8 /* pre_word_translation_bg.png in Resources */,
				FE8736B8143DDC3E002FDDE8 /* pre_word_translation_bg@2x.png in Resources */,
				FE8736B9143DDC3E002FDDE8 /* title_small.png in Resources */,
				FE8736BA143DDC3E002FDDE8 /* title_small@2x.png in Resources */,
				FE8736BB143DDC3E002FDDE8 /* word_bg.png in Resources */,
				FE8736BC143DDC3E002FDDE8 /* word_bg@2x.png in Resources */,
				FE8736BD143DDC3E002FDDE8 /* word_slider.png in Resources */,
				FE8736BE143DDC3E002FDDE8 /* word_slider@2x.png in Resources */,
				FE8736E4143DDC7E002FDDE8 /* button_back.png in Resources */,
				FE8736E5143DDC7E002FDDE8 /* button_back@2x.png in Resources */,
				FE8736E6143DDC7E002FDDE8 /* info_cet4.png in Resources */,
				FE8736E7143DDC7E002FDDE8 /* info_cet4@2x.png in Resources */,
				FE8736E8143DDC7E002FDDE8 /* info_cet6.png in Resources */,
				FE8736E9143DDC7E002FDDE8 /* info_cet6@2x.png in Resources */,
				FE8736EA143DDC7E002FDDE8 /* info_gre.png in Resources */,
				FE8736EB143DDC7E002FDDE8 /* info_gre@2x.png in Resources */,
				FE8736EC143DDC7E002FDDE8 /* info_ielts.png in Resources */,
				FE8736ED143DDC7E002FDDE8 /* info_ielts@2x.png in Resources */,
				FE8736EE143DDC7E002FDDE8 /* info_netm.png in Resources */,
				FE8736EF143DDC7E002FDDE8 /* info_netm@2x.png in Resources */,
				FE8736F0143DDC7E002FDDE8 /* info_tofel.png in Resources */,
				FE8736F1143DDC7E002FDDE8 /* info_tofel@2x.png in Resources */,
				FE8736F2143DDC7E002FDDE8 /* level_0.png in Resources */,
				FE8736F3143DDC7E002FDDE8 /* level_0@2x.png in Resources */,
				FE8736F4143DDC7E002FDDE8 /* segments_charts_active.png in Resources */,
				FE8736F5143DDC7E002FDDE8 /* segments_charts_active@2x.png in Resources */,
				FE8736F6143DDC7E002FDDE8 /* segments_charts.png in Resources */,
				FE8736F7143DDC7E002FDDE8 /* segments_charts@2x.png in Resources */,
				FE8736F8143DDC7E002FDDE8 /* segments_methods_active.png in Resources */,
				FE8736F9143DDC7E002FDDE8 /* segments_methods_active@2x.png in Resources */,
				FE8736FA143DDC7E002FDDE8 /* segments_methods.png in Resources */,
				FE8736FB143DDC7E002FDDE8 /* segments_methods@2x.png in Resources */,
				FE8736FC143DDC7E002FDDE8 /* segments_related_active.png in Resources */,
				FE8736FD143DDC7E002FDDE8 /* segments_related_active@2x.png in Resources */,
				FE8736FE143DDC7E002FDDE8 /* segments_related.png in Resources */,
				FE8736FF143DDC7E002FDDE8 /* segments_related@2x.png in Resources */,
				FE873700143DDC7E002FDDE8 /* segments_translations_active.png in Resources */,
				FE873701143DDC7E002FDDE8 /* segments_translations_active@2x.png in Resources */,
				FE873702143DDC7E002FDDE8 /* segments_translations.png in Resources */,
				FE873703143DDC7E002FDDE8 /* segments_translations@2x.png in Resources */,
				FE873704143DDC7E002FDDE8 /* tableview_cell_arrow_dark.png in Resources */,
				FE873705143DDC7E002FDDE8 /* tableview_cell_arrow_dark@2x.png in Resources */,
				FE873706143DDC7E002FDDE8 /* translation_to_wordlist.png in Resources */,
				FE873707143DDC7E002FDDE8 /* translation_to_wordlist@2x.png in Resources */,
				FE87370D143DDFA9002FDDE8 /* icon.png in Resources */,
				FE87370F143DDFB8002FDDE8 /* icon@2x.png in Resources */,
			);
			runOnlyForDeploymentPostprocessing = 0;
		};
		FEBFBF171436DAF20028630E /* Resources */ = {
			isa = PBXResourcesBuildPhase;
			buildActionMask = 2147483647;
			files = (
				FEBFBF281436DAF20028630E /* InfoPlist.strings in Resources */,
				FEBFBF2A1436DAF20028630E /* WordsssTests.h in Resources */,
			);
			runOnlyForDeploymentPostprocessing = 0;
		};
/* End PBXResourcesBuildPhase section */

/* Begin PBXShellScriptBuildPhase section */
		FEBFBF181436DAF20028630E /* ShellScript */ = {
			isa = PBXShellScriptBuildPhase;
			buildActionMask = 2147483647;
			files = (
			);
			inputPaths = (
			);
			outputPaths = (
			);
			runOnlyForDeploymentPostprocessing = 0;
			shellPath = /bin/sh;
			shellScript = "# Run the unit tests in this test bundle.\n\"${SYSTEM_DEVELOPER_DIR}/Tools/RunUnitTests\"\n";
		};
/* End PBXShellScriptBuildPhase section */

/* Begin PBXSourcesBuildPhase section */
		FEBFBEF61436DAF20028630E /* Sources */ = {
			isa = PBXSourcesBuildPhase;
			buildActionMask = 2147483647;
			files = (
				FEBFBF0D1436DAF20028630E /* main.m in Sources */,
				FEBFBF111436DAF20028630E /* WordsssAppDelegate.m in Sources */,
				FEBFBF141436DAF20028630E /* Wordsss.xcdatamodeld in Sources */,
				FEE37B7714370C0700A0E6AC /* ProfileViewController.m in Sources */,
				FEE37BB714370F7600A0E6AC /* TestViewController.m in Sources */,
				FE6C8DB514385A2F00DC9784 /* UserDataManager.m in Sources */,
				FE6C8DB814385AAD00DC9784 /* TodayViewController.m in Sources */,
				FE6C8DBB14385AC400DC9784 /* BooksViewController.m in Sources */,
				FE6C8DBE14385ACE00DC9784 /* ListsViewController.m in Sources */,
				FEA70AC614387F4F0025313C /* TestDelegater.m in Sources */,
				FEA70AC914387F6C0025313C /* XMLManager.m in Sources */,
				FEA70ACC14387FC20025313C /* UserDelegater.m in Sources */,
				FEA70ACF14387FE40025313C /* FlowDelegater.m in Sources */,
				FEEE311A1439CB1B001F7E90 /* SettingViewController.m in Sources */,
				FEEE311F1439CB85001F7E90 /* ExploreViewController.m in Sources */,
				FE2E8361143B2FAC004A2C56 /* WordViewController.m in Sources */,
				FEABC54C143C8A2E005AB8C1 /* WordBooksViewController.m in Sources */,
				FEABC54F143C8A41005AB8C1 /* WordMemsViewController.m in Sources */,
				FEABC552143C8A53005AB8C1 /* WordListsViewController.m in Sources */,
				FEABC555143C8A62005AB8C1 /* WordStatisticsViewController.m in Sources */,
				FE523EB3143C6EEE00B2F4FF /* Word.m in Sources */,
				FE060C5E143CD7040026228C /* RKTabBarController.m in Sources */,
				FE060C63143CD78A0026228C /* RkNavigationController.m in Sources */,
				FE21B00C143D75FA0033B3E8 /* WordBooksTableViewCell.m in Sources */,
				FE873713143DECD0002FDDE8 /* WordRelationsViewController.m in Sources */,
			);
			runOnlyForDeploymentPostprocessing = 0;
		};
		FEBFBF151436DAF20028630E /* Sources */ = {
			isa = PBXSourcesBuildPhase;
			buildActionMask = 2147483647;
			files = (
				FEBFBF2C1436DAF20028630E /* WordsssTests.m in Sources */,
			);
			runOnlyForDeploymentPostprocessing = 0;
		};
/* End PBXSourcesBuildPhase section */

/* Begin PBXTargetDependency section */
		FEBFBF221436DAF20028630E /* PBXTargetDependency */ = {
			isa = PBXTargetDependency;
			target = FEBFBEF91436DAF20028630E /* Wordsss */;
			targetProxy = FEBFBF211436DAF20028630E /* PBXContainerItemProxy */;
		};
/* End PBXTargetDependency section */

/* Begin PBXVariantGroup section */
		FEBFBF091436DAF20028630E /* InfoPlist.strings */ = {
			isa = PBXVariantGroup;
			children = (
				FEBFBF0A1436DAF20028630E /* en */,
			);
			name = InfoPlist.strings;
			sourceTree = "<group>";
		};
		FEBFBF261436DAF20028630E /* InfoPlist.strings */ = {
			isa = PBXVariantGroup;
			children = (
				FEBFBF271436DAF20028630E /* en */,
			);
			name = InfoPlist.strings;
			sourceTree = "<group>";
		};
/* End PBXVariantGroup section */

/* Begin XCBuildConfiguration section */
		FEBFBF2D1436DAF20028630E /* Debug */ = {
			isa = XCBuildConfiguration;
			buildSettings = {
				ALWAYS_SEARCH_USER_PATHS = NO;
				ARCHS = "$(ARCHS_STANDARD_32_BIT)";
				CLANG_ENABLE_OBJC_ARC = YES;
				"CODE_SIGN_IDENTITY[sdk=iphoneos*]" = "iPhone Developer";
				COPY_PHASE_STRIP = NO;
				GCC_C_LANGUAGE_STANDARD = gnu99;
				GCC_DYNAMIC_NO_PIC = NO;
				GCC_OPTIMIZATION_LEVEL = 0;
				GCC_PREPROCESSOR_DEFINITIONS = (
					"DEBUG=1",
					"$(inherited)",
				);
				GCC_SYMBOLS_PRIVATE_EXTERN = NO;
				GCC_VERSION = com.apple.compilers.llvm.clang.1_0;
				GCC_WARN_ABOUT_MISSING_PROTOTYPES = YES;
				GCC_WARN_ABOUT_RETURN_TYPE = YES;
				GCC_WARN_UNUSED_VARIABLE = YES;
				IPHONEOS_DEPLOYMENT_TARGET = 5.0;
				SDKROOT = iphoneos;
			};
			name = Debug;
		};
		FEBFBF2E1436DAF20028630E /* Release */ = {
			isa = XCBuildConfiguration;
			buildSettings = {
				ALWAYS_SEARCH_USER_PATHS = NO;
				ARCHS = "$(ARCHS_STANDARD_32_BIT)";
				CLANG_ENABLE_OBJC_ARC = YES;
				"CODE_SIGN_IDENTITY[sdk=iphoneos*]" = "iPhone Developer";
				COPY_PHASE_STRIP = YES;
				GCC_C_LANGUAGE_STANDARD = gnu99;
				GCC_VERSION = com.apple.compilers.llvm.clang.1_0;
				GCC_WARN_ABOUT_MISSING_PROTOTYPES = YES;
				GCC_WARN_ABOUT_RETURN_TYPE = YES;
				GCC_WARN_UNUSED_VARIABLE = YES;
				IPHONEOS_DEPLOYMENT_TARGET = 5.0;
				OTHER_CFLAGS = "-DNS_BLOCK_ASSERTIONS=1";
				SDKROOT = iphoneos;
				VALIDATE_PRODUCT = YES;
			};
			name = Release;
		};
		FEBFBF301436DAF20028630E /* Debug */ = {
			isa = XCBuildConfiguration;
			buildSettings = {
				ARCHS = "$(ARCHS_STANDARD_32_BIT)";
				FRAMEWORK_SEARCH_PATHS = (
					"$(inherited)",
					"\"$(SRCROOT)\"",
				);
				GCC_PRECOMPILE_PREFIX_HEADER = YES;
				GCC_PREFIX_HEADER = "Wordsss/Wordsss-Prefix.pch";
				INFOPLIST_FILE = "Wordsss/Wordsss-Info.plist";
				IPHONEOS_DEPLOYMENT_TARGET = 5.0;
				ONLY_ACTIVE_ARCH = NO;
				PRODUCT_NAME = "$(TARGET_NAME)";
				SDKROOT = iphoneos;
				TARGETED_DEVICE_FAMILY = 1;
				WRAPPER_EXTENSION = app;
			};
			name = Debug;
		};
		FEBFBF311436DAF20028630E /* Release */ = {
			isa = XCBuildConfiguration;
			buildSettings = {
				ARCHS = "$(ARCHS_STANDARD_32_BIT)";
				FRAMEWORK_SEARCH_PATHS = (
					"$(inherited)",
					"\"$(SRCROOT)\"",
				);
				GCC_PRECOMPILE_PREFIX_HEADER = YES;
				GCC_PREFIX_HEADER = "Wordsss/Wordsss-Prefix.pch";
				INFOPLIST_FILE = "Wordsss/Wordsss-Info.plist";
				IPHONEOS_DEPLOYMENT_TARGET = 5.0;
				ONLY_ACTIVE_ARCH = NO;
				PRODUCT_NAME = "$(TARGET_NAME)";
				SDKROOT = iphoneos;
				TARGETED_DEVICE_FAMILY = 1;
				WRAPPER_EXTENSION = app;
			};
			name = Release;
		};
		FEBFBF331436DAF20028630E /* Debug */ = {
			isa = XCBuildConfiguration;
			buildSettings = {
				BUNDLE_LOADER = "$(BUILT_PRODUCTS_DIR)/Wordsss.app/Wordsss";
				FRAMEWORK_SEARCH_PATHS = (
					"$(SDKROOT)/Developer/Library/Frameworks",
					"$(DEVELOPER_LIBRARY_DIR)/Frameworks",
				);
				GCC_PRECOMPILE_PREFIX_HEADER = YES;
				GCC_PREFIX_HEADER = "Wordsss/Wordsss-Prefix.pch";
				INFOPLIST_FILE = "WordsssTests/WordsssTests-Info.plist";
				PRODUCT_NAME = "$(TARGET_NAME)";
				TEST_HOST = "$(BUNDLE_LOADER)";
				WRAPPER_EXTENSION = octest;
			};
			name = Debug;
		};
		FEBFBF341436DAF20028630E /* Release */ = {
			isa = XCBuildConfiguration;
			buildSettings = {
				BUNDLE_LOADER = "$(BUILT_PRODUCTS_DIR)/Wordsss.app/Wordsss";
				FRAMEWORK_SEARCH_PATHS = (
					"$(SDKROOT)/Developer/Library/Frameworks",
					"$(DEVELOPER_LIBRARY_DIR)/Frameworks",
				);
				GCC_PRECOMPILE_PREFIX_HEADER = YES;
				GCC_PREFIX_HEADER = "Wordsss/Wordsss-Prefix.pch";
				INFOPLIST_FILE = "WordsssTests/WordsssTests-Info.plist";
				PRODUCT_NAME = "$(TARGET_NAME)";
				TEST_HOST = "$(BUNDLE_LOADER)";
				WRAPPER_EXTENSION = octest;
			};
			name = Release;
		};
/* End XCBuildConfiguration section */

/* Begin XCConfigurationList section */
		FEBFBEF41436DAF20028630E /* Build configuration list for PBXProject "Wordsss" */ = {
			isa = XCConfigurationList;
			buildConfigurations = (
				FEBFBF2D1436DAF20028630E /* Debug */,
				FEBFBF2E1436DAF20028630E /* Release */,
			);
			defaultConfigurationIsVisible = 0;
			defaultConfigurationName = Release;
		};
		FEBFBF2F1436DAF20028630E /* Build configuration list for PBXNativeTarget "Wordsss" */ = {
			isa = XCConfigurationList;
			buildConfigurations = (
				FEBFBF301436DAF20028630E /* Debug */,
				FEBFBF311436DAF20028630E /* Release */,
			);
			defaultConfigurationIsVisible = 0;
			defaultConfigurationName = Release;
		};
		FEBFBF321436DAF20028630E /* Build configuration list for PBXNativeTarget "WordsssTests" */ = {
			isa = XCConfigurationList;
			buildConfigurations = (
				FEBFBF331436DAF20028630E /* Debug */,
				FEBFBF341436DAF20028630E /* Release */,
			);
			defaultConfigurationIsVisible = 0;
			defaultConfigurationName = Release;
		};
/* End XCConfigurationList section */

/* Begin XCVersionGroup section */
		FEBFBF121436DAF20028630E /* Wordsss.xcdatamodeld */ = {
			isa = XCVersionGroup;
			children = (
				FEBFBF131436DAF20028630E /* Wordsss.xcdatamodel */,
			);
			currentVersion = FEBFBF131436DAF20028630E /* Wordsss.xcdatamodel */;
			path = Wordsss.xcdatamodeld;
			sourceTree = "<group>";
			versionGroupType = wrapper.xcdatamodel;
		};
/* End XCVersionGroup section */
	};
	rootObject = FEBFBEF11436DAF20028630E /* Project object */;
}
